
Microsoft Visual Studio Solution File, Format Version 11.00
# Visual Studio 2010
Project("{8BC9CEB8-8B4A-11D0-8D11-00A0C91BC942}") = "MgrRunService", "MgrRunService\MgrRunService.vcxproj", "{716F4499-4533-487E-B803-0D34423D4830}"
EndProject
Project("{8BC9CEB8-8B4A-11D0-8D11-00A0C91BC942}") = "RootManagerServer", "RootManagerServer\Build\RootManagerServer.vcxproj", "{47A3BC74-37D4-4D81-87B0-62493A299383}"
EndProject
Project("{8BC9CEB8-8B4A-11D0-8D11-00A0C91BC942}") = "MainManagerServer", "MainManagerServer\Build\MainManagerServer.vcxproj", "{254C3435-2CFF-4B4B-9F2D-BC4F772E09DA}"
EndProject
Project("{8BC9CEB8-8B4A-11D0-8D11-00A0C91BC942}") = "ManagerServer", "ManagerServer\Build\ManagerServer.vcxproj", "{697C6730-A111-40B8-8870-42F1A88A5BFE}"
EndProject
Project("{8BC9CEB8-8B4A-11D0-8D11-00A0C91BC942}") = "MainManagerConnector", "MainManagerConnector\Build\MainManagerConnector.vcxproj", "{E9AAE810-DD1B-CC2F-98B2-5371F683C2A0}"
EndProject
Project("{8BC9CEB8-8B4A-11D0-8D11-00A0C91BC942}") = "ManagerConnector", "ManagerConnector\Build\ManagerConnector.vcxproj", "{E9AAE810-DD1B-462F-DDB2-5371F683C2A0}"
EndProject
Project("{8BC9CEB8-8B4A-11D0-8D11-00A0C91BC942}") = "ControllerConnector", "ControllerConnector\Build\ControllerConnector.vcxproj", "{390AD811-6615-4593-817C-A4D0EB8F7759}"
EndProject
Global
	GlobalSection(SolutionConfigurationPlatforms) = preSolution
		Debug|Win32 = Debug|Win32
		Debug|x64 = Debug|x64
		LibRelease|Win32 = LibRelease|Win32
		LibRelease|x64 = LibRelease|x64
		LibReleaseMD|Win32 = LibReleaseMD|Win32
		LibReleaseMD|x64 = LibReleaseMD|x64
		Release|Win32 = Release|Win32
		Release|x64 = Release|x64
		UniLibRelease|Win32 = UniLibRelease|Win32
		UniLibRelease|x64 = UniLibRelease|x64
		UniLibReleaseMD|Win32 = UniLibReleaseMD|Win32
		UniLibReleaseMD|x64 = UniLibReleaseMD|x64
		UniRelease|Win32 = UniRelease|Win32
		UniRelease|x64 = UniRelease|x64
	EndGlobalSection
	GlobalSection(ProjectConfigurationPlatforms) = postSolution
		{716F4499-4533-487E-B803-0D34423D4830}.Debug|Win32.ActiveCfg = Debug|Win32
		{716F4499-4533-487E-B803-0D34423D4830}.Debug|Win32.Build.0 = Debug|Win32
		{716F4499-4533-487E-B803-0D34423D4830}.Debug|x64.ActiveCfg = Debug|x64
		{716F4499-4533-487E-B803-0D34423D4830}.Debug|x64.Build.0 = Debug|x64
		{716F4499-4533-487E-B803-0D34423D4830}.LibRelease|Win32.ActiveCfg = Release|Win32
		{716F4499-4533-487E-B803-0D34423D4830}.LibRelease|Win32.Build.0 = Release|Win32
		{716F4499-4533-487E-B803-0D34423D4830}.LibRelease|x64.ActiveCfg = Release|x64
		{716F4499-4533-487E-B803-0D34423D4830}.LibRelease|x64.Build.0 = Release|x64
		{716F4499-4533-487E-B803-0D34423D4830}.LibReleaseMD|Win32.ActiveCfg = Release|x64
		{716F4499-4533-487E-B803-0D34423D4830}.LibReleaseMD|x64.ActiveCfg = Release|x64
		{716F4499-4533-487E-B803-0D34423D4830}.LibReleaseMD|x64.Build.0 = Release|x64
		{716F4499-4533-487E-B803-0D34423D4830}.Release|Win32.ActiveCfg = Release|Win32
		{716F4499-4533-487E-B803-0D34423D4830}.Release|Win32.Build.0 = Release|Win32
		{716F4499-4533-487E-B803-0D34423D4830}.Release|x64.ActiveCfg = Release|x64
		{716F4499-4533-487E-B803-0D34423D4830}.Release|x64.Build.0 = Release|x64
		{716F4499-4533-487E-B803-0D34423D4830}.UniLibRelease|Win32.ActiveCfg = Release|Win32
		{716F4499-4533-487E-B803-0D34423D4830}.UniLibRelease|Win32.Build.0 = Release|Win32
		{716F4499-4533-487E-B803-0D34423D4830}.UniLibRelease|x64.ActiveCfg = Release|x64
		{716F4499-4533-487E-B803-0D34423D4830}.UniLibRelease|x64.Build.0 = Release|x64
		{716F4499-4533-487E-B803-0D34423D4830}.UniLibReleaseMD|Win32.ActiveCfg = Release|x64
		{716F4499-4533-487E-B803-0D34423D4830}.UniLibReleaseMD|x64.ActiveCfg = Release|x64
		{716F4499-4533-487E-B803-0D34423D4830}.UniLibReleaseMD|x64.Build.0 = Release|x64
		{716F4499-4533-487E-B803-0D34423D4830}.UniRelease|Win32.ActiveCfg = UniRelease|Win32
		{716F4499-4533-487E-B803-0D34423D4830}.UniRelease|Win32.Build.0 = UniRelease|Win32
		{716F4499-4533-487E-B803-0D34423D4830}.UniRelease|x64.ActiveCfg = UniRelease|x64
		{716F4499-4533-487E-B803-0D34423D4830}.UniRelease|x64.Build.0 = UniRelease|x64
		{47A3BC74-37D4-4D81-87B0-62493A299383}.Debug|Win32.ActiveCfg = Debug|Win32
		{47A3BC74-37D4-4D81-87B0-62493A299383}.Debug|Win32.Build.0 = Debug|Win32
		{47A3BC74-37D4-4D81-87B0-62493A299383}.Debug|x64.ActiveCfg = Debug|x64
		{47A3BC74-37D4-4D81-87B0-62493A299383}.Debug|x64.Build.0 = Debug|x64
		{47A3BC74-37D4-4D81-87B0-62493A299383}.LibRelease|Win32.ActiveCfg = Release|Win32
		{47A3BC74-37D4-4D81-87B0-62493A299383}.LibRelease|Win32.Build.0 = Release|Win32
		{47A3BC74-37D4-4D81-87B0-62493A299383}.LibRelease|x64.ActiveCfg = Release|x64
		{47A3BC74-37D4-4D81-87B0-62493A299383}.LibRelease|x64.Build.0 = Release|x64
		{47A3BC74-37D4-4D81-87B0-62493A299383}.LibReleaseMD|Win32.ActiveCfg = Release|x64
		{47A3BC74-37D4-4D81-87B0-62493A299383}.LibReleaseMD|x64.ActiveCfg = Release|x64
		{47A3BC74-37D4-4D81-87B0-62493A299383}.LibReleaseMD|x64.Build.0 = Release|x64
		{47A3BC74-37D4-4D81-87B0-62493A299383}.Release|Win32.ActiveCfg = Release|Win32
		{47A3BC74-37D4-4D81-87B0-62493A299383}.Release|Win32.Build.0 = Release|Win32
		{47A3BC74-37D4-4D81-87B0-62493A299383}.Release|x64.ActiveCfg = Release|x64
		{47A3BC74-37D4-4D81-87B0-62493A299383}.Release|x64.Build.0 = Release|x64
		{47A3BC74-37D4-4D81-87B0-62493A299383}.UniLibRelease|Win32.ActiveCfg = Release|Win32
		{47A3BC74-37D4-4D81-87B0-62493A299383}.UniLibRelease|Win32.Build.0 = Release|Win32
		{47A3BC74-37D4-4D81-87B0-62493A299383}.UniLibRelease|x64.ActiveCfg = Release|x64
		{47A3BC74-37D4-4D81-87B0-62493A299383}.UniLibRelease|x64.Build.0 = Release|x64
		{47A3BC74-37D4-4D81-87B0-62493A299383}.UniLibReleaseMD|Win32.ActiveCfg = Release|x64
		{47A3BC74-37D4-4D81-87B0-62493A299383}.UniLibReleaseMD|x64.ActiveCfg = Release|x64
		{47A3BC74-37D4-4D81-87B0-62493A299383}.UniLibReleaseMD|x64.Build.0 = Release|x64
		{47A3BC74-37D4-4D81-87B0-62493A299383}.UniRelease|Win32.ActiveCfg = UniRelease|Win32
		{47A3BC74-37D4-4D81-87B0-62493A299383}.UniRelease|Win32.Build.0 = UniRelease|Win32
		{47A3BC74-37D4-4D81-87B0-62493A299383}.UniRelease|x64.ActiveCfg = UniRelease|x64
		{47A3BC74-37D4-4D81-87B0-62493A299383}.UniRelease|x64.Build.0 = UniRelease|x64
		{254C3435-2CFF-4B4B-9F2D-BC4F772E09DA}.Debug|Win32.ActiveCfg = Debug|Win32
		{254C3435-2CFF-4B4B-9F2D-BC4F772E09DA}.Debug|Win32.Build.0 = Debug|Win32
		{254C3435-2CFF-4B4B-9F2D-BC4F772E09DA}.Debug|x64.ActiveCfg = Debug|x64
		{254C3435-2CFF-4B4B-9F2D-BC4F772E09DA}.Debug|x64.Build.0 = Debug|x64
		{254C3435-2CFF-4B4B-9F2D-BC4F772E09DA}.LibRelease|Win32.ActiveCfg = Release|Win32
		{254C3435-2CFF-4B4B-9F2D-BC4F772E09DA}.LibRelease|Win32.Build.0 = Release|Win32
		{254C3435-2CFF-4B4B-9F2D-BC4F772E09DA}.LibRelease|x64.ActiveCfg = Release|x64
		{254C3435-2CFF-4B4B-9F2D-BC4F772E09DA}.LibRelease|x64.Build.0 = Release|x64
		{254C3435-2CFF-4B4B-9F2D-BC4F772E09DA}.LibReleaseMD|Win32.ActiveCfg = Release|x64
		{254C3435-2CFF-4B4B-9F2D-BC4F772E09DA}.LibReleaseMD|x64.ActiveCfg = Release|x64
		{254C3435-2CFF-4B4B-9F2D-BC4F772E09DA}.LibReleaseMD|x64.Build.0 = Release|x64
		{254C3435-2CFF-4B4B-9F2D-BC4F772E09DA}.Release|Win32.ActiveCfg = Release|Win32
		{254C3435-2CFF-4B4B-9F2D-BC4F772E09DA}.Release|Win32.Build.0 = Release|Win32
		{254C3435-2CFF-4B4B-9F2D-BC4F772E09DA}.Release|x64.ActiveCfg = Release|x64
		{254C3435-2CFF-4B4B-9F2D-BC4F772E09DA}.Release|x64.Build.0 = Release|x64
		{254C3435-2CFF-4B4B-9F2D-BC4F772E09DA}.UniLibRelease|Win32.ActiveCfg = Release|Win32
		{254C3435-2CFF-4B4B-9F2D-BC4F772E09DA}.UniLibRelease|Win32.Build.0 = Release|Win32
		{254C3435-2CFF-4B4B-9F2D-BC4F772E09DA}.UniLibRelease|x64.ActiveCfg = Release|x64
		{254C3435-2CFF-4B4B-9F2D-BC4F772E09DA}.UniLibRelease|x64.Build.0 = Release|x64
		{254C3435-2CFF-4B4B-9F2D-BC4F772E09DA}.UniLibReleaseMD|Win32.ActiveCfg = Release|x64
		{254C3435-2CFF-4B4B-9F2D-BC4F772E09DA}.UniLibReleaseMD|x64.ActiveCfg = Release|x64
		{254C3435-2CFF-4B4B-9F2D-BC4F772E09DA}.UniLibReleaseMD|x64.Build.0 = Release|x64
		{254C3435-2CFF-4B4B-9F2D-BC4F772E09DA}.UniRelease|Win32.ActiveCfg = UniRelease|Win32
		{254C3435-2CFF-4B4B-9F2D-BC4F772E09DA}.UniRelease|Win32.Build.0 = UniRelease|Win32
		{254C3435-2CFF-4B4B-9F2D-BC4F772E09DA}.UniRelease|x64.ActiveCfg = UniRelease|x64
		{254C3435-2CFF-4B4B-9F2D-BC4F772E09DA}.UniRelease|x64.Build.0 = UniRelease|x64
		{697C6730-A111-40B8-8870-42F1A88A5BFE}.Debug|Win32.ActiveCfg = Debug|Win32
		{697C6730-A111-40B8-8870-42F1A88A5BFE}.Debug|Win32.Build.0 = Debug|Win32
		{697C6730-A111-40B8-8870-42F1A88A5BFE}.Debug|x64.ActiveCfg = Debug|x64
		{697C6730-A111-40B8-8870-42F1A88A5BFE}.Debug|x64.Build.0 = Debug|x64
		{697C6730-A111-40B8-8870-42F1A88A5BFE}.LibRelease|Win32.ActiveCfg = Release|Win32
		{697C6730-A111-40B8-8870-42F1A88A5BFE}.LibRelease|Win32.Build.0 = Release|Win32
		{697C6730-A111-40B8-8870-42F1A88A5BFE}.LibRelease|x64.ActiveCfg = Release|x64
		{697C6730-A111-40B8-8870-42F1A88A5BFE}.LibRelease|x64.Build.0 = Release|x64
		{697C6730-A111-40B8-8870-42F1A88A5BFE}.LibReleaseMD|Win32.ActiveCfg = Release|x64
		{697C6730-A111-40B8-8870-42F1A88A5BFE}.LibReleaseMD|x64.ActiveCfg = Release|x64
		{697C6730-A111-40B8-8870-42F1A88A5BFE}.LibReleaseMD|x64.Build.0 = Release|x64
		{697C6730-A111-40B8-8870-42F1A88A5BFE}.Release|Win32.ActiveCfg = Release|Win32
		{697C6730-A111-40B8-8870-42F1A88A5BFE}.Release|Win32.Build.0 = Release|Win32
		{697C6730-A111-40B8-8870-42F1A88A5BFE}.Release|x64.ActiveCfg = Release|x64
		{697C6730-A111-40B8-8870-42F1A88A5BFE}.Release|x64.Build.0 = Release|x64
		{697C6730-A111-40B8-8870-42F1A88A5BFE}.UniLibRelease|Win32.ActiveCfg = Release|Win32
		{697C6730-A111-40B8-8870-42F1A88A5BFE}.UniLibRelease|Win32.Build.0 = Release|Win32
		{697C6730-A111-40B8-8870-42F1A88A5BFE}.UniLibRelease|x64.ActiveCfg = Release|x64
		{697C6730-A111-40B8-8870-42F1A88A5BFE}.UniLibRelease|x64.Build.0 = Release|x64
		{697C6730-A111-40B8-8870-42F1A88A5BFE}.UniLibReleaseMD|Win32.ActiveCfg = Release|x64
		{697C6730-A111-40B8-8870-42F1A88A5BFE}.UniLibReleaseMD|x64.ActiveCfg = Release|x64
		{697C6730-A111-40B8-8870-42F1A88A5BFE}.UniLibReleaseMD|x64.Build.0 = Release|x64
		{697C6730-A111-40B8-8870-42F1A88A5BFE}.UniRelease|Win32.ActiveCfg = UniRelease|Win32
		{697C6730-A111-40B8-8870-42F1A88A5BFE}.UniRelease|Win32.Build.0 = UniRelease|Win32
		{697C6730-A111-40B8-8870-42F1A88A5BFE}.UniRelease|x64.ActiveCfg = UniRelease|x64
		{697C6730-A111-40B8-8870-42F1A88A5BFE}.UniRelease|x64.Build.0 = UniRelease|x64
		{E9AAE810-DD1B-CC2F-98B2-5371F683C2A0}.Debug|Win32.ActiveCfg = Debug|Win32
		{E9AAE810-DD1B-CC2F-98B2-5371F683C2A0}.Debug|Win32.Build.0 = Debug|Win32
		{E9AAE810-DD1B-CC2F-98B2-5371F683C2A0}.Debug|x64.ActiveCfg = Debug|x64
		{E9AAE810-DD1B-CC2F-98B2-5371F683C2A0}.Debug|x64.Build.0 = Debug|x64
		{E9AAE810-DD1B-CC2F-98B2-5371F683C2A0}.LibRelease|Win32.ActiveCfg = Release|Win32
		{E9AAE810-DD1B-CC2F-98B2-5371F683C2A0}.LibRelease|Win32.Build.0 = Release|Win32
		{E9AAE810-DD1B-CC2F-98B2-5371F683C2A0}.LibRelease|x64.ActiveCfg = Release|x64
		{E9AAE810-DD1B-CC2F-98B2-5371F683C2A0}.LibRelease|x64.Build.0 = Release|x64
		{E9AAE810-DD1B-CC2F-98B2-5371F683C2A0}.LibReleaseMD|Win32.ActiveCfg = Release|x64
		{E9AAE810-DD1B-CC2F-98B2-5371F683C2A0}.LibReleaseMD|x64.ActiveCfg = Release|x64
		{E9AAE810-DD1B-CC2F-98B2-5371F683C2A0}.LibReleaseMD|x64.Build.0 = Release|x64
		{E9AAE810-DD1B-CC2F-98B2-5371F683C2A0}.Release|Win32.ActiveCfg = Release|Win32
		{E9AAE810-DD1B-CC2F-98B2-5371F683C2A0}.Release|Win32.Build.0 = Release|Win32
		{E9AAE810-DD1B-CC2F-98B2-5371F683C2A0}.Release|x64.ActiveCfg = Release|x64
		{E9AAE810-DD1B-CC2F-98B2-5371F683C2A0}.Release|x64.Build.0 = Release|x64
		{E9AAE810-DD1B-CC2F-98B2-5371F683C2A0}.UniLibRelease|Win32.ActiveCfg = Release|Win32
		{E9AAE810-DD1B-CC2F-98B2-5371F683C2A0}.UniLibRelease|Win32.Build.0 = Release|Win32
		{E9AAE810-DD1B-CC2F-98B2-5371F683C2A0}.UniLibRelease|x64.ActiveCfg = Release|x64
		{E9AAE810-DD1B-CC2F-98B2-5371F683C2A0}.UniLibRelease|x64.Build.0 = Release|x64
		{E9AAE810-DD1B-CC2F-98B2-5371F683C2A0}.UniLibReleaseMD|Win32.ActiveCfg = Release|x64
		{E9AAE810-DD1B-CC2F-98B2-5371F683C2A0}.UniLibReleaseMD|x64.ActiveCfg = Release|x64
		{E9AAE810-DD1B-CC2F-98B2-5371F683C2A0}.UniLibReleaseMD|x64.Build.0 = Release|x64
		{E9AAE810-DD1B-CC2F-98B2-5371F683C2A0}.UniRelease|Win32.ActiveCfg = UniRelease|Win32
		{E9AAE810-DD1B-CC2F-98B2-5371F683C2A0}.UniRelease|Win32.Build.0 = UniRelease|Win32
		{E9AAE810-DD1B-CC2F-98B2-5371F683C2A0}.UniRelease|x64.ActiveCfg = UniRelease|x64
		{E9AAE810-DD1B-CC2F-98B2-5371F683C2A0}.UniRelease|x64.Build.0 = UniRelease|x64
		{E9AAE810-DD1B-462F-DDB2-5371F683C2A0}.Debug|Win32.ActiveCfg = Debug|Win32
		{E9AAE810-DD1B-462F-DDB2-5371F683C2A0}.Debug|Win32.Build.0 = Debug|Win32
		{E9AAE810-DD1B-462F-DDB2-5371F683C2A0}.Debug|x64.ActiveCfg = Debug|x64
		{E9AAE810-DD1B-462F-DDB2-5371F683C2A0}.Debug|x64.Build.0 = Debug|x64
		{E9AAE810-DD1B-462F-DDB2-5371F683C2A0}.LibRelease|Win32.ActiveCfg = Release|Win32
		{E9AAE810-DD1B-462F-DDB2-5371F683C2A0}.LibRelease|Win32.Build.0 = Release|Win32
		{E9AAE810-DD1B-462F-DDB2-5371F683C2A0}.LibRelease|x64.ActiveCfg = Release|x64
		{E9AAE810-DD1B-462F-DDB2-5371F683C2A0}.LibRelease|x64.Build.0 = Release|x64
		{E9AAE810-DD1B-462F-DDB2-5371F683C2A0}.LibReleaseMD|Win32.ActiveCfg = Release|x64
		{E9AAE810-DD1B-462F-DDB2-5371F683C2A0}.LibReleaseMD|x64.ActiveCfg = Release|x64
		{E9AAE810-DD1B-462F-DDB2-5371F683C2A0}.LibReleaseMD|x64.Build.0 = Release|x64
		{E9AAE810-DD1B-462F-DDB2-5371F683C2A0}.Release|Win32.ActiveCfg = Release|Win32
		{E9AAE810-DD1B-462F-DDB2-5371F683C2A0}.Release|Win32.Build.0 = Release|Win32
		{E9AAE810-DD1B-462F-DDB2-5371F683C2A0}.Release|x64.ActiveCfg = Release|x64
		{E9AAE810-DD1B-462F-DDB2-5371F683C2A0}.Release|x64.Build.0 = Release|x64
		{E9AAE810-DD1B-462F-DDB2-5371F683C2A0}.UniLibRelease|Win32.ActiveCfg = Release|Win32
		{E9AAE810-DD1B-462F-DDB2-5371F683C2A0}.UniLibRelease|Win32.Build.0 = Release|Win32
		{E9AAE810-DD1B-462F-DDB2-5371F683C2A0}.UniLibRelease|x64.ActiveCfg = Release|x64
		{E9AAE810-DD1B-462F-DDB2-5371F683C2A0}.UniLibRelease|x64.Build.0 = Release|x64
		{E9AAE810-DD1B-462F-DDB2-5371F683C2A0}.UniLibReleaseMD|Win32.ActiveCfg = Release|x64
		{E9AAE810-DD1B-462F-DDB2-5371F683C2A0}.UniLibReleaseMD|x64.ActiveCfg = Release|x64
		{E9AAE810-DD1B-462F-DDB2-5371F683C2A0}.UniLibReleaseMD|x64.Build.0 = Release|x64
		{E9AAE810-DD1B-462F-DDB2-5371F683C2A0}.UniRelease|Win32.ActiveCfg = UniRelease|Win32
		{E9AAE810-DD1B-462F-DDB2-5371F683C2A0}.UniRelease|Win32.Build.0 = UniRelease|Win32
		{E9AAE810-DD1B-462F-DDB2-5371F683C2A0}.UniRelease|x64.ActiveCfg = UniRelease|x64
		{E9AAE810-DD1B-462F-DDB2-5371F683C2A0}.UniRelease|x64.Build.0 = UniRelease|x64
		{390AD811-6615-4593-817C-A4D0EB8F7759}.Debug|Win32.ActiveCfg = Debug|Win32
		{390AD811-6615-4593-817C-A4D0EB8F7759}.Debug|Win32.Build.0 = Debug|Win32
		{390AD811-6615-4593-817C-A4D0EB8F7759}.Debug|x64.ActiveCfg = Debug|x64
		{390AD811-6615-4593-817C-A4D0EB8F7759}.Debug|x64.Build.0 = Debug|x64
		{390AD811-6615-4593-817C-A4D0EB8F7759}.LibRelease|Win32.ActiveCfg = Release|Win32
		{390AD811-6615-4593-817C-A4D0EB8F7759}.LibRelease|Win32.Build.0 = Release|Win32
		{390AD811-6615-4593-817C-A4D0EB8F7759}.LibRelease|x64.ActiveCfg = Release|x64
		{390AD811-6615-4593-817C-A4D0EB8F7759}.LibRelease|x64.Build.0 = Release|x64
		{390AD811-6615-4593-817C-A4D0EB8F7759}.LibReleaseMD|Win32.ActiveCfg = Release|x64
		{390AD811-6615-4593-817C-A4D0EB8F7759}.LibReleaseMD|x64.ActiveCfg = Release|x64
		{390AD811-6615-4593-817C-A4D0EB8F7759}.LibReleaseMD|x64.Build.0 = Release|x64
		{390AD811-6615-4593-817C-A4D0EB8F7759}.Release|Win32.ActiveCfg = Release|Win32
		{390AD811-6615-4593-817C-A4D0EB8F7759}.Release|Win32.Build.0 = Release|Win32
		{390AD811-6615-4593-817C-A4D0EB8F7759}.Release|x64.ActiveCfg = Release|x64
		{390AD811-6615-4593-817C-A4D0EB8F7759}.Release|x64.Build.0 = Release|x64
		{390AD811-6615-4593-817C-A4D0EB8F7759}.UniLibRelease|Win32.ActiveCfg = Release|Win32
		{390AD811-6615-4593-817C-A4D0EB8F7759}.UniLibRelease|Win32.Build.0 = Release|Win32
		{390AD811-6615-4593-817C-A4D0EB8F7759}.UniLibRelease|x64.ActiveCfg = Release|x64
		{390AD811-6615-4593-817C-A4D0EB8F7759}.UniLibRelease|x64.Build.0 = Release|x64
		{390AD811-6615-4593-817C-A4D0EB8F7759}.UniLibReleaseMD|Win32.ActiveCfg = Release|x64
		{390AD811-6615-4593-817C-A4D0EB8F7759}.UniLibReleaseMD|x64.ActiveCfg = Release|x64
		{390AD811-6615-4593-817C-A4D0EB8F7759}.UniLibReleaseMD|x64.Build.0 = Release|x64
		{390AD811-6615-4593-817C-A4D0EB8F7759}.UniRelease|Win32.ActiveCfg = UniRelease|Win32
		{390AD811-6615-4593-817C-A4D0EB8F7759}.UniRelease|Win32.Build.0 = UniRelease|Win32
		{390AD811-6615-4593-817C-A4D0EB8F7759}.UniRelease|x64.ActiveCfg = UniRelease|x64
		{390AD811-6615-4593-817C-A4D0EB8F7759}.UniRelease|x64.Build.0 = UniRelease|x64
	EndGlobalSection
	GlobalSection(SolutionProperties) = preSolution
		HideSolutionNode = FALSE
	EndGlobalSection
EndGlobal
