<?xml version="1.0" encoding="utf-8"?>
<Project ToolsVersion="4.0" xmlns="http://schemas.microsoft.com/developer/msbuild/2003">
  <ItemGroup>
    <ClCompile Include="stdafx.cpp">
      <Filter>源文件</Filter>
    </ClCompile>
    <ClCompile Include="TimeSyncDlg.cpp">
      <Filter>源文件</Filter>
    </ClCompile>
    <ClCompile Include="TimeSync.cpp">
      <Filter>源文件</Filter>
    </ClCompile>
    <ClCompile Include="ServerList.cpp">
      <Filter>源文件</Filter>
    </ClCompile>
    <ClCompile Include="ServerUser.cpp">
      <Filter>源文件</Filter>
    </ClCompile>
  </ItemGroup>
  <ItemGroup>
    <ClInclude Include="Resource.h">
      <Filter>资源文件</Filter>
    </ClInclude>
    <ClInclude Include="NetworkHandler.h">
      <Filter>头文件</Filter>
    </ClInclude>
    <ClInclude Include="stdafx.h">
      <Filter>头文件</Filter>
    </ClInclude>
    <ClInclude Include="targetver.h">
      <Filter>头文件</Filter>
    </ClInclude>
    <ClInclude Include="TimeSync.h">
      <Filter>头文件</Filter>
    </ClInclude>
    <ClInclude Include="TimeSyncClient.h">
      <Filter>头文件</Filter>
    </ClInclude>
    <ClInclude Include="TimeSyncDlg.h">
      <Filter>头文件</Filter>
    </ClInclude>
    <ClInclude Include="TimeSyncServer.h">
      <Filter>头文件</Filter>
    </ClInclude>
    <ClInclude Include="TimeSync_setting.h">
      <Filter>头文件</Filter>
    </ClInclude>
    <ClInclude Include="Acceptor.h">
      <Filter>头文件</Filter>
    </ClInclude>
    <ClInclude Include="ServerList.h">
      <Filter>源文件</Filter>
    </ClInclude>
    <ClInclude Include="ServerUser.h">
      <Filter>源文件</Filter>
    </ClInclude>
  </ItemGroup>
  <ItemGroup>
    <None Include="ReadMe.txt" />
    <None Include="res\TimeSync.rc2">
      <Filter>资源文件</Filter>
    </None>
    <None Include="res\TimeSync.ico">
      <Filter>资源文件</Filter>
    </None>
  </ItemGroup>
  <ItemGroup>
    <Filter Include="资源文件">
      <UniqueIdentifier>{ad2ea927-b68e-4358-afa7-4c8f06431f6d}</UniqueIdentifier>
    </Filter>
    <Filter Include="源文件">
      <UniqueIdentifier>{13461a73-4032-40c5-b4da-e946c45c3219}</UniqueIdentifier>
    </Filter>
    <Filter Include="头文件">
      <UniqueIdentifier>{ba3f74ab-1cd0-4317-8b54-80ab38e31167}</UniqueIdentifier>
    </Filter>
  </ItemGroup>
  <ItemGroup>
    <ResourceCompile Include="TimeSync.rc">
      <Filter>资源文件</Filter>
    </ResourceCompile>
  </ItemGroup>
</Project>