
Microsoft Visual Studio Solution File, Format Version 11.00
# Visual Studio 2010
Project("{8BC9CEB8-8B4A-11D0-8D11-00A0C91BC942}") = "CenterServerConnector", "CenterServerConnector\Build\CenterServerConnector.vcxproj", "{E9AAE810-DD1B-462F-DDB2-5371F683C2A0}"
EndProject
Project("{8BC9CEB8-8B4A-11D0-8D11-00A0C91BC942}") = "GatewayConnector", "GatewayConnector\Build\GatewayConnector.vcxproj", "{E9AAE810-DD1B-CC2F-98B2-5371F683C2A0}"
EndProject
Project("{8BC9CEB8-8B4A-11D0-8D11-00A0C91BC942}") = "GatewayServer", "GatewayServer\Build\GatewayServer.vcxproj", "{FCAAB08D-DAA9-480D-A1A5-32A8E6DFAFA1}"
EndProject
Project("{8BC9CEB8-8B4A-11D0-8D11-00A0C91BC942}") = "CenterServer", "CenterServer\Build\CenterServer.vcxproj", "{63F717DE-EBE5-4EE5-8502-98579BD369F2}"
EndProject
Project("{8BC9CEB8-8B4A-11D0-8D11-00A0C91BC942}") = "DBEngine", "DBEngine\Build\DBEngine.vcxproj", "{E9AAE810-DD1B-462F-98B2-5371F6811110}"
EndProject
Project("{8BC9CEB8-8B4A-11D0-8D11-00A0C91BC942}") = "TimeSync", "TimeSync\TimeSync\TimeSync.vcxproj", "{A53F263D-C73A-46D2-8EBF-9078D422B8C1}"
EndProject
Project("{8BC9CEB8-8B4A-11D0-8D11-00A0C91BC942}") = "LoginServer", "LoginServer\Build\LoginServer.vcxproj", "{488B0978-5684-4885-B1E6-3A7D45C7CDE0}"
EndProject
Project("{8BC9CEB8-8B4A-11D0-8D11-00A0C91BC942}") = "BridgeServer", "BridgeServer\Build\BridgeServer.vcxproj", "{254C3435-2CFF-4B4B-9F2D-BC4F772E09DA}"
EndProject
Project("{8BC9CEB8-8B4A-11D0-8D11-00A0C91BC942}") = "BridgeConnector", "BridgeConnector\Build\BridgeConnector.vcxproj", "{927950FF-5131-4F03-900D-9AC086470E8F}"
EndProject
Project("{8BC9CEB8-8B4A-11D0-8D11-00A0C91BC942}") = "GuardServer", "GuardServer\Build\GuardServer.vcxproj", "{1D5301C3-E31F-47DB-BFBD-F3C40877E638}"
EndProject
Project("{8BC9CEB8-8B4A-11D0-8D11-00A0C91BC942}") = "GuardConnector", "GuardConnector\Build\GuardConnector.vcxproj", "{FB4CB0F5-32E7-435D-97C2-9B36B821FC1C}"
EndProject
Project("{8BC9CEB8-8B4A-11D0-8D11-00A0C91BC942}") = "WorldServer", "WorldServer\Build\WorldServer.vcxproj", "{57855F91-1356-44D6-93B4-0A6A188A7C90}"
EndProject
Project("{8BC9CEB8-8B4A-11D0-8D11-00A0C91BC942}") = "WorldServerConnector", "WorldServerConnector\Build\WorldServerConnector.vcxproj", "{4D55B07E-5B67-4FB4-BA98-92596F612BF7}"
EndProject
Project("{8BC9CEB8-8B4A-11D0-8D11-00A0C91BC942}") = "VoiceConnector", "VoiceConnector\Build\VoiceConnector.vcxproj", "{FF5FA987-FA62-491C-90E3-D468A77000AE}"
EndProject
Project("{8BC9CEB8-8B4A-11D0-8D11-00A0C91BC942}") = "VoiceGateway", "VoiceGateway\Build\VoiceGateway.vcxproj", "{27757BB9-408A-44A9-A00D-976AAE720ECA}"
EndProject
Project("{8BC9CEB8-8B4A-11D0-8D11-00A0C91BC942}") = "VoiceServer", "VoiceServer\Build\VoiceServer.vcxproj", "{033C5B01-8B27-4657-85AD-C4029F83689C}"
EndProject
Project("{8BC9CEB8-8B4A-11D0-8D11-00A0C91BC942}") = "SNSConnector", "SNSConnector\Build\SNSConnector.vcxproj", "{390AD811-6615-4593-817C-A4D0EB8F7759}"
EndProject
Project("{8BC9CEB8-8B4A-11D0-8D11-00A0C91BC942}") = "SNSServer", "SNSServer\Build\SNSServer.vcxproj", "{2751CBA3-087F-4258-8412-BD44DA552FDF}"
EndProject
Global
	GlobalSection(SolutionConfigurationPlatforms) = preSolution
		Debug|Win32 = Debug|Win32
		Debug|x64 = Debug|x64
		Release|Win32 = Release|Win32
		Release|x64 = Release|x64
		Template|Win32 = Template|Win32
		Template|x64 = Template|x64
		UniRelease|Win32 = UniRelease|Win32
		UniRelease|x64 = UniRelease|x64
	EndGlobalSection
	GlobalSection(ProjectConfigurationPlatforms) = postSolution
		{E9AAE810-DD1B-462F-DDB2-5371F683C2A0}.Debug|Win32.ActiveCfg = Debug|Win32
		{E9AAE810-DD1B-462F-DDB2-5371F683C2A0}.Debug|Win32.Build.0 = Debug|Win32
		{E9AAE810-DD1B-462F-DDB2-5371F683C2A0}.Debug|x64.ActiveCfg = Debug|x64
		{E9AAE810-DD1B-462F-DDB2-5371F683C2A0}.Debug|x64.Build.0 = Debug|x64
		{E9AAE810-DD1B-462F-DDB2-5371F683C2A0}.Release|Win32.ActiveCfg = Release|Win32
		{E9AAE810-DD1B-462F-DDB2-5371F683C2A0}.Release|Win32.Build.0 = Release|Win32
		{E9AAE810-DD1B-462F-DDB2-5371F683C2A0}.Release|x64.ActiveCfg = Release|x64
		{E9AAE810-DD1B-462F-DDB2-5371F683C2A0}.Release|x64.Build.0 = Release|x64
		{E9AAE810-DD1B-462F-DDB2-5371F683C2A0}.Template|Win32.ActiveCfg = UniRelease|x64
		{E9AAE810-DD1B-462F-DDB2-5371F683C2A0}.Template|x64.ActiveCfg = UniRelease|x64
		{E9AAE810-DD1B-462F-DDB2-5371F683C2A0}.Template|x64.Build.0 = UniRelease|x64
		{E9AAE810-DD1B-462F-DDB2-5371F683C2A0}.UniRelease|Win32.ActiveCfg = UniRelease|Win32
		{E9AAE810-DD1B-462F-DDB2-5371F683C2A0}.UniRelease|Win32.Build.0 = UniRelease|Win32
		{E9AAE810-DD1B-462F-DDB2-5371F683C2A0}.UniRelease|x64.ActiveCfg = UniRelease|x64
		{E9AAE810-DD1B-462F-DDB2-5371F683C2A0}.UniRelease|x64.Build.0 = UniRelease|x64
		{E9AAE810-DD1B-CC2F-98B2-5371F683C2A0}.Debug|Win32.ActiveCfg = Debug|Win32
		{E9AAE810-DD1B-CC2F-98B2-5371F683C2A0}.Debug|Win32.Build.0 = Debug|Win32
		{E9AAE810-DD1B-CC2F-98B2-5371F683C2A0}.Debug|x64.ActiveCfg = Debug|x64
		{E9AAE810-DD1B-CC2F-98B2-5371F683C2A0}.Debug|x64.Build.0 = Debug|x64
		{E9AAE810-DD1B-CC2F-98B2-5371F683C2A0}.Release|Win32.ActiveCfg = Release|Win32
		{E9AAE810-DD1B-CC2F-98B2-5371F683C2A0}.Release|Win32.Build.0 = Release|Win32
		{E9AAE810-DD1B-CC2F-98B2-5371F683C2A0}.Release|x64.ActiveCfg = Release|x64
		{E9AAE810-DD1B-CC2F-98B2-5371F683C2A0}.Release|x64.Build.0 = Release|x64
		{E9AAE810-DD1B-CC2F-98B2-5371F683C2A0}.Template|Win32.ActiveCfg = UniRelease|x64
		{E9AAE810-DD1B-CC2F-98B2-5371F683C2A0}.Template|x64.ActiveCfg = UniRelease|x64
		{E9AAE810-DD1B-CC2F-98B2-5371F683C2A0}.Template|x64.Build.0 = UniRelease|x64
		{E9AAE810-DD1B-CC2F-98B2-5371F683C2A0}.UniRelease|Win32.ActiveCfg = UniRelease|Win32
		{E9AAE810-DD1B-CC2F-98B2-5371F683C2A0}.UniRelease|Win32.Build.0 = UniRelease|Win32
		{E9AAE810-DD1B-CC2F-98B2-5371F683C2A0}.UniRelease|x64.ActiveCfg = UniRelease|x64
		{E9AAE810-DD1B-CC2F-98B2-5371F683C2A0}.UniRelease|x64.Build.0 = UniRelease|x64
		{FCAAB08D-DAA9-480D-A1A5-32A8E6DFAFA1}.Debug|Win32.ActiveCfg = Debug|Win32
		{FCAAB08D-DAA9-480D-A1A5-32A8E6DFAFA1}.Debug|Win32.Build.0 = Debug|Win32
		{FCAAB08D-DAA9-480D-A1A5-32A8E6DFAFA1}.Debug|x64.ActiveCfg = Debug|x64
		{FCAAB08D-DAA9-480D-A1A5-32A8E6DFAFA1}.Debug|x64.Build.0 = Debug|x64
		{FCAAB08D-DAA9-480D-A1A5-32A8E6DFAFA1}.Release|Win32.ActiveCfg = Release|Win32
		{FCAAB08D-DAA9-480D-A1A5-32A8E6DFAFA1}.Release|Win32.Build.0 = Release|Win32
		{FCAAB08D-DAA9-480D-A1A5-32A8E6DFAFA1}.Release|x64.ActiveCfg = Release|x64
		{FCAAB08D-DAA9-480D-A1A5-32A8E6DFAFA1}.Release|x64.Build.0 = Release|x64
		{FCAAB08D-DAA9-480D-A1A5-32A8E6DFAFA1}.Template|Win32.ActiveCfg = Template|Win32
		{FCAAB08D-DAA9-480D-A1A5-32A8E6DFAFA1}.Template|Win32.Build.0 = Template|Win32
		{FCAAB08D-DAA9-480D-A1A5-32A8E6DFAFA1}.Template|x64.ActiveCfg = Template|x64
		{FCAAB08D-DAA9-480D-A1A5-32A8E6DFAFA1}.Template|x64.Build.0 = Template|x64
		{FCAAB08D-DAA9-480D-A1A5-32A8E6DFAFA1}.UniRelease|Win32.ActiveCfg = UniRelease|Win32
		{FCAAB08D-DAA9-480D-A1A5-32A8E6DFAFA1}.UniRelease|Win32.Build.0 = UniRelease|Win32
		{FCAAB08D-DAA9-480D-A1A5-32A8E6DFAFA1}.UniRelease|x64.ActiveCfg = UniRelease|x64
		{FCAAB08D-DAA9-480D-A1A5-32A8E6DFAFA1}.UniRelease|x64.Build.0 = UniRelease|x64
		{63F717DE-EBE5-4EE5-8502-98579BD369F2}.Debug|Win32.ActiveCfg = Debug|Win32
		{63F717DE-EBE5-4EE5-8502-98579BD369F2}.Debug|Win32.Build.0 = Debug|Win32
		{63F717DE-EBE5-4EE5-8502-98579BD369F2}.Debug|x64.ActiveCfg = Debug|x64
		{63F717DE-EBE5-4EE5-8502-98579BD369F2}.Debug|x64.Build.0 = Debug|x64
		{63F717DE-EBE5-4EE5-8502-98579BD369F2}.Release|Win32.ActiveCfg = Release|Win32
		{63F717DE-EBE5-4EE5-8502-98579BD369F2}.Release|Win32.Build.0 = Release|Win32
		{63F717DE-EBE5-4EE5-8502-98579BD369F2}.Release|x64.ActiveCfg = Release|x64
		{63F717DE-EBE5-4EE5-8502-98579BD369F2}.Release|x64.Build.0 = Release|x64
		{63F717DE-EBE5-4EE5-8502-98579BD369F2}.Template|Win32.ActiveCfg = Template|Win32
		{63F717DE-EBE5-4EE5-8502-98579BD369F2}.Template|Win32.Build.0 = Template|Win32
		{63F717DE-EBE5-4EE5-8502-98579BD369F2}.Template|x64.ActiveCfg = Template|x64
		{63F717DE-EBE5-4EE5-8502-98579BD369F2}.Template|x64.Build.0 = Template|x64
		{63F717DE-EBE5-4EE5-8502-98579BD369F2}.UniRelease|Win32.ActiveCfg = UniRelease|Win32
		{63F717DE-EBE5-4EE5-8502-98579BD369F2}.UniRelease|Win32.Build.0 = UniRelease|Win32
		{63F717DE-EBE5-4EE5-8502-98579BD369F2}.UniRelease|x64.ActiveCfg = UniRelease|x64
		{63F717DE-EBE5-4EE5-8502-98579BD369F2}.UniRelease|x64.Build.0 = UniRelease|x64
		{E9AAE810-DD1B-462F-98B2-5371F6811110}.Debug|Win32.ActiveCfg = Debug|Win32
		{E9AAE810-DD1B-462F-98B2-5371F6811110}.Debug|Win32.Build.0 = Debug|Win32
		{E9AAE810-DD1B-462F-98B2-5371F6811110}.Debug|x64.ActiveCfg = Debug|x64
		{E9AAE810-DD1B-462F-98B2-5371F6811110}.Debug|x64.Build.0 = Debug|x64
		{E9AAE810-DD1B-462F-98B2-5371F6811110}.Release|Win32.ActiveCfg = Release|Win32
		{E9AAE810-DD1B-462F-98B2-5371F6811110}.Release|Win32.Build.0 = Release|Win32
		{E9AAE810-DD1B-462F-98B2-5371F6811110}.Release|x64.ActiveCfg = Release|x64
		{E9AAE810-DD1B-462F-98B2-5371F6811110}.Release|x64.Build.0 = Release|x64
		{E9AAE810-DD1B-462F-98B2-5371F6811110}.Template|Win32.ActiveCfg = UniRelease|x64
		{E9AAE810-DD1B-462F-98B2-5371F6811110}.Template|x64.ActiveCfg = UniRelease|x64
		{E9AAE810-DD1B-462F-98B2-5371F6811110}.Template|x64.Build.0 = UniRelease|x64
		{E9AAE810-DD1B-462F-98B2-5371F6811110}.UniRelease|Win32.ActiveCfg = UniRelease|Win32
		{E9AAE810-DD1B-462F-98B2-5371F6811110}.UniRelease|Win32.Build.0 = UniRelease|Win32
		{E9AAE810-DD1B-462F-98B2-5371F6811110}.UniRelease|x64.ActiveCfg = UniRelease|x64
		{E9AAE810-DD1B-462F-98B2-5371F6811110}.UniRelease|x64.Build.0 = UniRelease|x64
		{A53F263D-C73A-46D2-8EBF-9078D422B8C1}.Debug|Win32.ActiveCfg = Debug|Win32
		{A53F263D-C73A-46D2-8EBF-9078D422B8C1}.Debug|Win32.Build.0 = Debug|Win32
		{A53F263D-C73A-46D2-8EBF-9078D422B8C1}.Debug|x64.ActiveCfg = Debug|x64
		{A53F263D-C73A-46D2-8EBF-9078D422B8C1}.Debug|x64.Build.0 = Debug|x64
		{A53F263D-C73A-46D2-8EBF-9078D422B8C1}.Release|Win32.ActiveCfg = Release|Win32
		{A53F263D-C73A-46D2-8EBF-9078D422B8C1}.Release|Win32.Build.0 = Release|Win32
		{A53F263D-C73A-46D2-8EBF-9078D422B8C1}.Release|x64.ActiveCfg = Release|x64
		{A53F263D-C73A-46D2-8EBF-9078D422B8C1}.Release|x64.Build.0 = Release|x64
		{A53F263D-C73A-46D2-8EBF-9078D422B8C1}.Template|Win32.ActiveCfg = UniRelease|x64
		{A53F263D-C73A-46D2-8EBF-9078D422B8C1}.Template|x64.ActiveCfg = UniRelease|x64
		{A53F263D-C73A-46D2-8EBF-9078D422B8C1}.Template|x64.Build.0 = UniRelease|x64
		{A53F263D-C73A-46D2-8EBF-9078D422B8C1}.UniRelease|Win32.ActiveCfg = UniRelease|Win32
		{A53F263D-C73A-46D2-8EBF-9078D422B8C1}.UniRelease|Win32.Build.0 = UniRelease|Win32
		{A53F263D-C73A-46D2-8EBF-9078D422B8C1}.UniRelease|x64.ActiveCfg = UniRelease|x64
		{A53F263D-C73A-46D2-8EBF-9078D422B8C1}.UniRelease|x64.Build.0 = UniRelease|x64
		{488B0978-5684-4885-B1E6-3A7D45C7CDE0}.Debug|Win32.ActiveCfg = Debug|Win32
		{488B0978-5684-4885-B1E6-3A7D45C7CDE0}.Debug|Win32.Build.0 = Debug|Win32
		{488B0978-5684-4885-B1E6-3A7D45C7CDE0}.Debug|x64.ActiveCfg = Debug|x64
		{488B0978-5684-4885-B1E6-3A7D45C7CDE0}.Debug|x64.Build.0 = Debug|x64
		{488B0978-5684-4885-B1E6-3A7D45C7CDE0}.Release|Win32.ActiveCfg = Release|Win32
		{488B0978-5684-4885-B1E6-3A7D45C7CDE0}.Release|Win32.Build.0 = Release|Win32
		{488B0978-5684-4885-B1E6-3A7D45C7CDE0}.Release|x64.ActiveCfg = Release|x64
		{488B0978-5684-4885-B1E6-3A7D45C7CDE0}.Release|x64.Build.0 = Release|x64
		{488B0978-5684-4885-B1E6-3A7D45C7CDE0}.Template|Win32.ActiveCfg = Template|Win32
		{488B0978-5684-4885-B1E6-3A7D45C7CDE0}.Template|Win32.Build.0 = Template|Win32
		{488B0978-5684-4885-B1E6-3A7D45C7CDE0}.Template|x64.ActiveCfg = Template|x64
		{488B0978-5684-4885-B1E6-3A7D45C7CDE0}.Template|x64.Build.0 = Template|x64
		{488B0978-5684-4885-B1E6-3A7D45C7CDE0}.UniRelease|Win32.ActiveCfg = UniRelease|Win32
		{488B0978-5684-4885-B1E6-3A7D45C7CDE0}.UniRelease|Win32.Build.0 = UniRelease|Win32
		{488B0978-5684-4885-B1E6-3A7D45C7CDE0}.UniRelease|x64.ActiveCfg = UniRelease|x64
		{488B0978-5684-4885-B1E6-3A7D45C7CDE0}.UniRelease|x64.Build.0 = UniRelease|x64
		{254C3435-2CFF-4B4B-9F2D-BC4F772E09DA}.Debug|Win32.ActiveCfg = Debug|Win32
		{254C3435-2CFF-4B4B-9F2D-BC4F772E09DA}.Debug|Win32.Build.0 = Debug|Win32
		{254C3435-2CFF-4B4B-9F2D-BC4F772E09DA}.Debug|x64.ActiveCfg = Debug|x64
		{254C3435-2CFF-4B4B-9F2D-BC4F772E09DA}.Debug|x64.Build.0 = Debug|x64
		{254C3435-2CFF-4B4B-9F2D-BC4F772E09DA}.Release|Win32.ActiveCfg = Release|Win32
		{254C3435-2CFF-4B4B-9F2D-BC4F772E09DA}.Release|Win32.Build.0 = Release|Win32
		{254C3435-2CFF-4B4B-9F2D-BC4F772E09DA}.Release|x64.ActiveCfg = Release|x64
		{254C3435-2CFF-4B4B-9F2D-BC4F772E09DA}.Release|x64.Build.0 = Release|x64
		{254C3435-2CFF-4B4B-9F2D-BC4F772E09DA}.Template|Win32.ActiveCfg = Template|Win32
		{254C3435-2CFF-4B4B-9F2D-BC4F772E09DA}.Template|Win32.Build.0 = Template|Win32
		{254C3435-2CFF-4B4B-9F2D-BC4F772E09DA}.Template|x64.ActiveCfg = Template|x64
		{254C3435-2CFF-4B4B-9F2D-BC4F772E09DA}.Template|x64.Build.0 = Template|x64
		{254C3435-2CFF-4B4B-9F2D-BC4F772E09DA}.UniRelease|Win32.ActiveCfg = UniRelease|Win32
		{254C3435-2CFF-4B4B-9F2D-BC4F772E09DA}.UniRelease|Win32.Build.0 = UniRelease|Win32
		{254C3435-2CFF-4B4B-9F2D-BC4F772E09DA}.UniRelease|x64.ActiveCfg = UniRelease|x64
		{254C3435-2CFF-4B4B-9F2D-BC4F772E09DA}.UniRelease|x64.Build.0 = UniRelease|x64
		{927950FF-5131-4F03-900D-9AC086470E8F}.Debug|Win32.ActiveCfg = Debug|Win32
		{927950FF-5131-4F03-900D-9AC086470E8F}.Debug|Win32.Build.0 = Debug|Win32
		{927950FF-5131-4F03-900D-9AC086470E8F}.Debug|x64.ActiveCfg = Debug|x64
		{927950FF-5131-4F03-900D-9AC086470E8F}.Debug|x64.Build.0 = Debug|x64
		{927950FF-5131-4F03-900D-9AC086470E8F}.Release|Win32.ActiveCfg = Release|Win32
		{927950FF-5131-4F03-900D-9AC086470E8F}.Release|Win32.Build.0 = Release|Win32
		{927950FF-5131-4F03-900D-9AC086470E8F}.Release|x64.ActiveCfg = Release|x64
		{927950FF-5131-4F03-900D-9AC086470E8F}.Release|x64.Build.0 = Release|x64
		{927950FF-5131-4F03-900D-9AC086470E8F}.Template|Win32.ActiveCfg = UniRelease|x64
		{927950FF-5131-4F03-900D-9AC086470E8F}.Template|x64.ActiveCfg = UniRelease|x64
		{927950FF-5131-4F03-900D-9AC086470E8F}.Template|x64.Build.0 = UniRelease|x64
		{927950FF-5131-4F03-900D-9AC086470E8F}.UniRelease|Win32.ActiveCfg = UniRelease|Win32
		{927950FF-5131-4F03-900D-9AC086470E8F}.UniRelease|Win32.Build.0 = UniRelease|Win32
		{927950FF-5131-4F03-900D-9AC086470E8F}.UniRelease|x64.ActiveCfg = UniRelease|x64
		{927950FF-5131-4F03-900D-9AC086470E8F}.UniRelease|x64.Build.0 = UniRelease|x64
		{1D5301C3-E31F-47DB-BFBD-F3C40877E638}.Debug|Win32.ActiveCfg = Debug|Win32
		{1D5301C3-E31F-47DB-BFBD-F3C40877E638}.Debug|Win32.Build.0 = Debug|Win32
		{1D5301C3-E31F-47DB-BFBD-F3C40877E638}.Debug|x64.ActiveCfg = Debug|x64
		{1D5301C3-E31F-47DB-BFBD-F3C40877E638}.Debug|x64.Build.0 = Debug|x64
		{1D5301C3-E31F-47DB-BFBD-F3C40877E638}.Release|Win32.ActiveCfg = Release|Win32
		{1D5301C3-E31F-47DB-BFBD-F3C40877E638}.Release|Win32.Build.0 = Release|Win32
		{1D5301C3-E31F-47DB-BFBD-F3C40877E638}.Release|x64.ActiveCfg = Release|x64
		{1D5301C3-E31F-47DB-BFBD-F3C40877E638}.Release|x64.Build.0 = Release|x64
		{1D5301C3-E31F-47DB-BFBD-F3C40877E638}.Template|Win32.ActiveCfg = Template|Win32
		{1D5301C3-E31F-47DB-BFBD-F3C40877E638}.Template|Win32.Build.0 = Template|Win32
		{1D5301C3-E31F-47DB-BFBD-F3C40877E638}.Template|x64.ActiveCfg = Template|x64
		{1D5301C3-E31F-47DB-BFBD-F3C40877E638}.Template|x64.Build.0 = Template|x64
		{1D5301C3-E31F-47DB-BFBD-F3C40877E638}.UniRelease|Win32.ActiveCfg = UniRelease|Win32
		{1D5301C3-E31F-47DB-BFBD-F3C40877E638}.UniRelease|Win32.Build.0 = UniRelease|Win32
		{1D5301C3-E31F-47DB-BFBD-F3C40877E638}.UniRelease|x64.ActiveCfg = UniRelease|x64
		{1D5301C3-E31F-47DB-BFBD-F3C40877E638}.UniRelease|x64.Build.0 = UniRelease|x64
		{FB4CB0F5-32E7-435D-97C2-9B36B821FC1C}.Debug|Win32.ActiveCfg = Debug|Win32
		{FB4CB0F5-32E7-435D-97C2-9B36B821FC1C}.Debug|Win32.Build.0 = Debug|Win32
		{FB4CB0F5-32E7-435D-97C2-9B36B821FC1C}.Debug|x64.ActiveCfg = Debug|x64
		{FB4CB0F5-32E7-435D-97C2-9B36B821FC1C}.Debug|x64.Build.0 = Debug|x64
		{FB4CB0F5-32E7-435D-97C2-9B36B821FC1C}.Release|Win32.ActiveCfg = Release|Win32
		{FB4CB0F5-32E7-435D-97C2-9B36B821FC1C}.Release|Win32.Build.0 = Release|Win32
		{FB4CB0F5-32E7-435D-97C2-9B36B821FC1C}.Release|x64.ActiveCfg = Release|x64
		{FB4CB0F5-32E7-435D-97C2-9B36B821FC1C}.Release|x64.Build.0 = Release|x64
		{FB4CB0F5-32E7-435D-97C2-9B36B821FC1C}.Template|Win32.ActiveCfg = UniRelease|x64
		{FB4CB0F5-32E7-435D-97C2-9B36B821FC1C}.Template|x64.ActiveCfg = UniRelease|x64
		{FB4CB0F5-32E7-435D-97C2-9B36B821FC1C}.Template|x64.Build.0 = UniRelease|x64
		{FB4CB0F5-32E7-435D-97C2-9B36B821FC1C}.UniRelease|Win32.ActiveCfg = UniRelease|Win32
		{FB4CB0F5-32E7-435D-97C2-9B36B821FC1C}.UniRelease|Win32.Build.0 = UniRelease|Win32
		{FB4CB0F5-32E7-435D-97C2-9B36B821FC1C}.UniRelease|x64.ActiveCfg = UniRelease|x64
		{FB4CB0F5-32E7-435D-97C2-9B36B821FC1C}.UniRelease|x64.Build.0 = UniRelease|x64
		{57855F91-1356-44D6-93B4-0A6A188A7C90}.Debug|Win32.ActiveCfg = UniRelease|Win32
		{57855F91-1356-44D6-93B4-0A6A188A7C90}.Debug|Win32.Build.0 = UniRelease|Win32
		{57855F91-1356-44D6-93B4-0A6A188A7C90}.Debug|x64.ActiveCfg = UniRelease|Win32
		{57855F91-1356-44D6-93B4-0A6A188A7C90}.Release|Win32.ActiveCfg = Release|Win32
		{57855F91-1356-44D6-93B4-0A6A188A7C90}.Release|Win32.Build.0 = Release|Win32
		{57855F91-1356-44D6-93B4-0A6A188A7C90}.Release|x64.ActiveCfg = Release|Win32
		{57855F91-1356-44D6-93B4-0A6A188A7C90}.Template|Win32.ActiveCfg = Template|Win32
		{57855F91-1356-44D6-93B4-0A6A188A7C90}.Template|Win32.Build.0 = Template|Win32
		{57855F91-1356-44D6-93B4-0A6A188A7C90}.Template|x64.ActiveCfg = Template|Win32
		{57855F91-1356-44D6-93B4-0A6A188A7C90}.UniRelease|Win32.ActiveCfg = UniRelease|Win32
		{57855F91-1356-44D6-93B4-0A6A188A7C90}.UniRelease|Win32.Build.0 = UniRelease|Win32
		{57855F91-1356-44D6-93B4-0A6A188A7C90}.UniRelease|x64.ActiveCfg = UniRelease|x64
		{57855F91-1356-44D6-93B4-0A6A188A7C90}.UniRelease|x64.Build.0 = UniRelease|x64
		{4D55B07E-5B67-4FB4-BA98-92596F612BF7}.Debug|Win32.ActiveCfg = UniRelease|Win32
		{4D55B07E-5B67-4FB4-BA98-92596F612BF7}.Debug|Win32.Build.0 = UniRelease|Win32
		{4D55B07E-5B67-4FB4-BA98-92596F612BF7}.Debug|x64.ActiveCfg = UniRelease|Win32
		{4D55B07E-5B67-4FB4-BA98-92596F612BF7}.Release|Win32.ActiveCfg = Release|Win32
		{4D55B07E-5B67-4FB4-BA98-92596F612BF7}.Release|Win32.Build.0 = Release|Win32
		{4D55B07E-5B67-4FB4-BA98-92596F612BF7}.Release|x64.ActiveCfg = Release|Win32
		{4D55B07E-5B67-4FB4-BA98-92596F612BF7}.Template|Win32.ActiveCfg = UniRelease|Win32
		{4D55B07E-5B67-4FB4-BA98-92596F612BF7}.Template|Win32.Build.0 = UniRelease|Win32
		{4D55B07E-5B67-4FB4-BA98-92596F612BF7}.Template|x64.ActiveCfg = UniRelease|Win32
		{4D55B07E-5B67-4FB4-BA98-92596F612BF7}.UniRelease|Win32.ActiveCfg = UniRelease|Win32
		{4D55B07E-5B67-4FB4-BA98-92596F612BF7}.UniRelease|Win32.Build.0 = UniRelease|Win32
		{4D55B07E-5B67-4FB4-BA98-92596F612BF7}.UniRelease|x64.ActiveCfg = UniRelease|x64
		{4D55B07E-5B67-4FB4-BA98-92596F612BF7}.UniRelease|x64.Build.0 = UniRelease|x64
		{FF5FA987-FA62-491C-90E3-D468A77000AE}.Debug|Win32.ActiveCfg = UniRelease|x64
		{FF5FA987-FA62-491C-90E3-D468A77000AE}.Debug|x64.ActiveCfg = UniRelease|x64
		{FF5FA987-FA62-491C-90E3-D468A77000AE}.Debug|x64.Build.0 = UniRelease|x64
		{FF5FA987-FA62-491C-90E3-D468A77000AE}.Release|Win32.ActiveCfg = Release|Win32
		{FF5FA987-FA62-491C-90E3-D468A77000AE}.Release|Win32.Build.0 = Release|Win32
		{FF5FA987-FA62-491C-90E3-D468A77000AE}.Release|x64.ActiveCfg = Release|x64
		{FF5FA987-FA62-491C-90E3-D468A77000AE}.Release|x64.Build.0 = Release|x64
		{FF5FA987-FA62-491C-90E3-D468A77000AE}.Template|Win32.ActiveCfg = UniRelease|x64
		{FF5FA987-FA62-491C-90E3-D468A77000AE}.Template|x64.ActiveCfg = UniRelease|x64
		{FF5FA987-FA62-491C-90E3-D468A77000AE}.Template|x64.Build.0 = UniRelease|x64
		{FF5FA987-FA62-491C-90E3-D468A77000AE}.UniRelease|Win32.ActiveCfg = UniRelease|Win32
		{FF5FA987-FA62-491C-90E3-D468A77000AE}.UniRelease|Win32.Build.0 = UniRelease|Win32
		{FF5FA987-FA62-491C-90E3-D468A77000AE}.UniRelease|x64.ActiveCfg = UniRelease|x64
		{FF5FA987-FA62-491C-90E3-D468A77000AE}.UniRelease|x64.Build.0 = UniRelease|x64
		{27757BB9-408A-44A9-A00D-976AAE720ECA}.Debug|Win32.ActiveCfg = UniRelease|x64
		{27757BB9-408A-44A9-A00D-976AAE720ECA}.Debug|x64.ActiveCfg = UniRelease|x64
		{27757BB9-408A-44A9-A00D-976AAE720ECA}.Debug|x64.Build.0 = UniRelease|x64
		{27757BB9-408A-44A9-A00D-976AAE720ECA}.Release|Win32.ActiveCfg = Release|Win32
		{27757BB9-408A-44A9-A00D-976AAE720ECA}.Release|Win32.Build.0 = Release|Win32
		{27757BB9-408A-44A9-A00D-976AAE720ECA}.Release|x64.ActiveCfg = Release|x64
		{27757BB9-408A-44A9-A00D-976AAE720ECA}.Release|x64.Build.0 = Release|x64
		{27757BB9-408A-44A9-A00D-976AAE720ECA}.Template|Win32.ActiveCfg = Template|Win32
		{27757BB9-408A-44A9-A00D-976AAE720ECA}.Template|Win32.Build.0 = Template|Win32
		{27757BB9-408A-44A9-A00D-976AAE720ECA}.Template|x64.ActiveCfg = Template|x64
		{27757BB9-408A-44A9-A00D-976AAE720ECA}.Template|x64.Build.0 = Template|x64
		{27757BB9-408A-44A9-A00D-976AAE720ECA}.UniRelease|Win32.ActiveCfg = UniRelease|Win32
		{27757BB9-408A-44A9-A00D-976AAE720ECA}.UniRelease|Win32.Build.0 = UniRelease|Win32
		{27757BB9-408A-44A9-A00D-976AAE720ECA}.UniRelease|x64.ActiveCfg = UniRelease|x64
		{27757BB9-408A-44A9-A00D-976AAE720ECA}.UniRelease|x64.Build.0 = UniRelease|x64
		{033C5B01-8B27-4657-85AD-C4029F83689C}.Debug|Win32.ActiveCfg = UniRelease|Win32
		{033C5B01-8B27-4657-85AD-C4029F83689C}.Debug|Win32.Build.0 = UniRelease|Win32
		{033C5B01-8B27-4657-85AD-C4029F83689C}.Debug|x64.ActiveCfg = UniRelease|Win32
		{033C5B01-8B27-4657-85AD-C4029F83689C}.Release|Win32.ActiveCfg = Release|Win32
		{033C5B01-8B27-4657-85AD-C4029F83689C}.Release|Win32.Build.0 = Release|Win32
		{033C5B01-8B27-4657-85AD-C4029F83689C}.Release|x64.ActiveCfg = Release|Win32
		{033C5B01-8B27-4657-85AD-C4029F83689C}.Template|Win32.ActiveCfg = Template|Win32
		{033C5B01-8B27-4657-85AD-C4029F83689C}.Template|Win32.Build.0 = Template|Win32
		{033C5B01-8B27-4657-85AD-C4029F83689C}.Template|x64.ActiveCfg = Template|Win32
		{033C5B01-8B27-4657-85AD-C4029F83689C}.UniRelease|Win32.ActiveCfg = UniRelease|Win32
		{033C5B01-8B27-4657-85AD-C4029F83689C}.UniRelease|Win32.Build.0 = UniRelease|Win32
		{033C5B01-8B27-4657-85AD-C4029F83689C}.UniRelease|x64.ActiveCfg = UniRelease|x64
		{033C5B01-8B27-4657-85AD-C4029F83689C}.UniRelease|x64.Build.0 = UniRelease|x64
		{390AD811-6615-4593-817C-A4D0EB8F7759}.Debug|Win32.ActiveCfg = Debug|Win32
		{390AD811-6615-4593-817C-A4D0EB8F7759}.Debug|Win32.Build.0 = Debug|Win32
		{390AD811-6615-4593-817C-A4D0EB8F7759}.Debug|x64.ActiveCfg = Debug|x64
		{390AD811-6615-4593-817C-A4D0EB8F7759}.Debug|x64.Build.0 = Debug|x64
		{390AD811-6615-4593-817C-A4D0EB8F7759}.Release|Win32.ActiveCfg = Release|Win32
		{390AD811-6615-4593-817C-A4D0EB8F7759}.Release|Win32.Build.0 = Release|Win32
		{390AD811-6615-4593-817C-A4D0EB8F7759}.Release|x64.ActiveCfg = Release|x64
		{390AD811-6615-4593-817C-A4D0EB8F7759}.Release|x64.Build.0 = Release|x64
		{390AD811-6615-4593-817C-A4D0EB8F7759}.Template|Win32.ActiveCfg = UniRelease|x64
		{390AD811-6615-4593-817C-A4D0EB8F7759}.Template|x64.ActiveCfg = UniRelease|x64
		{390AD811-6615-4593-817C-A4D0EB8F7759}.Template|x64.Build.0 = UniRelease|x64
		{390AD811-6615-4593-817C-A4D0EB8F7759}.UniRelease|Win32.ActiveCfg = UniRelease|Win32
		{390AD811-6615-4593-817C-A4D0EB8F7759}.UniRelease|Win32.Build.0 = UniRelease|Win32
		{390AD811-6615-4593-817C-A4D0EB8F7759}.UniRelease|x64.ActiveCfg = UniRelease|x64
		{390AD811-6615-4593-817C-A4D0EB8F7759}.UniRelease|x64.Build.0 = UniRelease|x64
		{2751CBA3-087F-4258-8412-BD44DA552FDF}.Debug|Win32.ActiveCfg = Debug|Win32
		{2751CBA3-087F-4258-8412-BD44DA552FDF}.Debug|Win32.Build.0 = Debug|Win32
		{2751CBA3-087F-4258-8412-BD44DA552FDF}.Debug|x64.ActiveCfg = Debug|x64
		{2751CBA3-087F-4258-8412-BD44DA552FDF}.Debug|x64.Build.0 = Debug|x64
		{2751CBA3-087F-4258-8412-BD44DA552FDF}.Release|Win32.ActiveCfg = Release|Win32
		{2751CBA3-087F-4258-8412-BD44DA552FDF}.Release|Win32.Build.0 = Release|Win32
		{2751CBA3-087F-4258-8412-BD44DA552FDF}.Release|x64.ActiveCfg = Release|x64
		{2751CBA3-087F-4258-8412-BD44DA552FDF}.Release|x64.Build.0 = Release|x64
		{2751CBA3-087F-4258-8412-BD44DA552FDF}.Template|Win32.ActiveCfg = UniRelease|x64
		{2751CBA3-087F-4258-8412-BD44DA552FDF}.Template|x64.ActiveCfg = UniRelease|x64
		{2751CBA3-087F-4258-8412-BD44DA552FDF}.Template|x64.Build.0 = UniRelease|x64
		{2751CBA3-087F-4258-8412-BD44DA552FDF}.UniRelease|Win32.ActiveCfg = UniRelease|Win32
		{2751CBA3-087F-4258-8412-BD44DA552FDF}.UniRelease|Win32.Build.0 = UniRelease|Win32
		{2751CBA3-087F-4258-8412-BD44DA552FDF}.UniRelease|x64.ActiveCfg = UniRelease|x64
		{2751CBA3-087F-4258-8412-BD44DA552FDF}.UniRelease|x64.Build.0 = UniRelease|x64
	EndGlobalSection
	GlobalSection(SolutionProperties) = preSolution
		HideSolutionNode = FALSE
	EndGlobalSection
EndGlobal
