
Microsoft Visual Studio Solution File, Format Version 11.00
# Visual Studio 2010
Project("{8BC9CEB8-8B4A-11D0-8D11-00A0C91BC942}") = "Entity", "Entity\Build\Entity.vcxproj", "{2D6C0D43-9166-43B8-8718-630E9BFBBFEA}"
EndProject
Project("{8BC9CEB8-8B4A-11D0-8D11-00A0C91BC942}") = "SceneServer", "SceneServer\build\SceneServer.vcxproj", "{C6BEAD3C-EF56-403B-9C04-11CE9CB2680F}"
EndProject
Project("{8BC9CEB8-8B4A-11D0-8D11-00A0C91BC942}") = "FreezeServer", "FreezeServer\Build\FreezeServer.vcxproj", "{118E0188-5E98-4F08-B114-49234D1CD301}"
EndProject
Project("{8BC9CEB8-8B4A-11D0-8D11-00A0C91BC942}") = "AOI", "AOI\Build\AOI.vcxproj", "{2D6C0D43-9166-43B8-8718-630E9BFBBFEC}"
EndProject
Project("{8BC9CEB8-8B4A-11D0-8D11-00A0C91BC942}") = "SchemeCenter", "SchemeCenter\Build\SchemeCenter.vcxproj", "{E8CDF3AC-1F5B-4E84-A43D-A79F65C8DAD6}"
EndProject
Project("{8BC9CEB8-8B4A-11D0-8D11-00A0C91BC942}") = "LUA", "Lua\Build\LUA.vcxproj", "{2D6C0D43-916C-43B8-8718-630E9BCBBFEC}"
EndProject
Project("{8BC9CEB8-8B4A-11D0-8D11-00A0C91BC942}") = "EffectServer", "EffectServer\Build\EffectServer.vcxproj", "{37EFF965-6DE9-4A3C-B1A9-44583EECDA2D}"
EndProject
Project("{8BC9CEB8-8B4A-11D0-8D11-00A0C91BC942}") = "Condition", "Condition\Build\Condition.vcxproj", "{C14BBEB8-3AA6-4465-8C8C-9472508D03CF}"
EndProject
Project("{8BC9CEB8-8B4A-11D0-8D11-00A0C91BC942}") = "Spell", "Spell\Build\Spell.vcxproj", "{53F7689E-603A-4956-BDB0-359406CF1E7C}"
EndProject
Project("{8BC9CEB8-8B4A-11D0-8D11-00A0C91BC942}") = "BuffServer", "BuffServer\Build\BuffServer.vcxproj", "{D6B288AA-2577-4B5E-AD10-A08EE83E4EEE}"
EndProject
Project("{8BC9CEB8-8B4A-11D0-8D11-00A0C91BC942}") = "AIServer", "AIServer\Build\AIServer.vcxproj", "{2EDAB884-6CE7-498A-B3B3-38B7C01574B6}"
EndProject
Project("{8BC9CEB8-8B4A-11D0-8D11-00A0C91BC942}") = "TankServer", "TankServer\Build\TankServer.vcxproj", "{C44A1327-4BC3-4C39-B8D2-99F5417EB43B}"
EndProject
Project("{8BC9CEB8-8B4A-11D0-8D11-00A0C91BC942}") = "EnmityServer", "EnmityServer\Build\EnmityServer.vcxproj", "{68101999-7FC0-4189-933C-05F6F24AD1F7}"
EndProject
Project("{8BC9CEB8-8B4A-11D0-8D11-00A0C91BC942}") = "MapPathFind", "MapPathFind\Build\MapPathFind.vcxproj", "{14A6BEB9-B8B1-4032-950C-1CB2A0C124BC}"
EndProject
Project("{8BC9CEB8-8B4A-11D0-8D11-00A0C91BC942}") = "WarServer", "WarServer\Build\WarServer.vcxproj", "{CEB714B5-2B93-41F2-B2D2-540F03BBA537}"
EndProject
Project("{8BC9CEB8-8B4A-11D0-8D11-00A0C91BC942}") = "MatchSceneServer", "MatchSceneServer\Build\MatchSceneServer.vcxproj", "{3D1F16AC-ECAE-43A4-82E7-0948F112E6C1}"
EndProject
Project("{8BC9CEB8-8B4A-11D0-8D11-00A0C91BC942}") = "GameResServer", "GameResServer\Build\GameResServer.vcxproj", "{301FC141-D902-4449-A4AB-F05B5B032979}"
EndProject
Project("{8BC9CEB8-8B4A-11D0-8D11-00A0C91BC942}") = "ServerGlobal", "ServerGlobal\Build\ServerGlobal.vcxproj", "{AA599DC1-778D-4725-92C7-A3E10CD80A82}"
EndProject
Project("{8BC9CEB8-8B4A-11D0-8D11-00A0C91BC942}") = "MigrateServer", "MigrateServer\Build\MigrateServer.vcxproj", "{D2544AFD-4725-48C7-A848-BF97E45214BC}"
EndProject
Project("{8BC9CEB8-8B4A-11D0-8D11-00A0C91BC942}") = "Connector", "Connector\Build\Connector.vcxproj", "{763327A0-1C33-4622-B69E-D8B2B0FF08A2}"
EndProject
Project("{8BC9CEB8-8B4A-11D0-8D11-00A0C91BC942}") = "ShareServer", "ShareServer\Build\ShareServer.vcxproj", "{78571E79-98FD-470B-9F10-6C10137F6158}"
EndProject
Project("{8BC9CEB8-8B4A-11D0-8D11-00A0C91BC942}") = "ChatSceneServer", "ChatServer\Build\ChatServer.vcxproj", "{3E151A6D-0F1C-4104-9100-BE2FC9CE4727}"
EndProject
Project("{8BC9CEB8-8B4A-11D0-8D11-00A0C91BC942}") = "TestServer", "TestServer\Build\TestServer.vcxproj", "{4CF204D6-8318-4C36-840B-C2E227DC037E}"
EndProject
Project("{8BC9CEB8-8B4A-11D0-8D11-00A0C91BC942}") = "OrderServer", "OrderServer\Build\OrderServer.vcxproj", "{F0193D7E-FBE4-4131-901F-BDCF319A4418}"
EndProject
Project("{8BC9CEB8-8B4A-11D0-8D11-00A0C91BC942}") = "KinServer", "KinServer\Build\KinServer.vcxproj", "{3F9ECA55-428D-4F0A-88C9-C7A2DD27B6B2}"
EndProject
Project("{8BC9CEB8-8B4A-11D0-8D11-00A0C91BC942}") = "ClanServer", "ClanServer\Build\ClanServer.vcxproj", "{93D311D7-B55C-402A-B3FC-C8A8FB807985}"
EndProject
Project("{8BC9CEB8-8B4A-11D0-8D11-00A0C91BC942}") = "TaskServer", "TaskServer\Build\TaskServer.vcxproj", "{7624C708-C953-475E-8E42-496524EC6CE3}"
EndProject
Project("{8BC9CEB8-8B4A-11D0-8D11-00A0C91BC942}") = "TeamServer", "TeamServer\Build\TeamServer.vcxproj", "{1E6BADF1-72C3-497D-B460-6FC885A77C70}"
EndProject
Project("{8BC9CEB8-8B4A-11D0-8D11-00A0C91BC942}") = "OSSLogServer", "OSSLogServer\Build\OSSLogServer.vcxproj", "{55A4A6F8-6736-484B-B381-9AFAADE52C33}"
EndProject
Project("{8BC9CEB8-8B4A-11D0-8D11-00A0C91BC942}") = "LegendCupServer", "LegendCupServer\Build\LegendCupServer.vcxproj", "{65E5B9C2-DFD6-4971-BCBF-97BD0EE0DCDB}"
EndProject
Project("{8BC9CEB8-8B4A-11D0-8D11-00A0C91BC942}") = "MentorshipServer", "MentorshipServer\Build\MentorshipServer.vcxproj", "{CE7B863D-E28F-4790-9147-910CF3AA27F4}"
EndProject
Project("{8BC9CEB8-8B4A-11D0-8D11-00A0C91BC942}") = "StaticWarServer", "StaticWarServer\Build\StaticWarServer.vcxproj", "{303D2FD0-47E7-43D9-9D9F-962E4793EEC2}"
EndProject
Project("{8BC9CEB8-8B4A-11D0-8D11-00A0C91BC942}") = "MailServer", "MailServer\Build\MailServer.vcxproj", "{E2A7A3E0-2875-48AC-9AAF-37EBDC2BB7C2}"
EndProject
Global
	GlobalSection(SolutionConfigurationPlatforms) = preSolution
		Debug|Win32 = Debug|Win32
		Debug|x64 = Debug|x64
		Release|Win32 = Release|Win32
		Release|x64 = Release|x64
		UniRelease|Win32 = UniRelease|Win32
		UniRelease|x64 = UniRelease|x64
	EndGlobalSection
	GlobalSection(ProjectConfigurationPlatforms) = postSolution
		{2D6C0D43-9166-43B8-8718-630E9BFBBFEA}.Debug|Win32.ActiveCfg = Debug|Win32
		{2D6C0D43-9166-43B8-8718-630E9BFBBFEA}.Debug|Win32.Build.0 = Debug|Win32
		{2D6C0D43-9166-43B8-8718-630E9BFBBFEA}.Debug|x64.ActiveCfg = Debug|x64
		{2D6C0D43-9166-43B8-8718-630E9BFBBFEA}.Debug|x64.Build.0 = Debug|x64
		{2D6C0D43-9166-43B8-8718-630E9BFBBFEA}.Release|Win32.ActiveCfg = Release|Win32
		{2D6C0D43-9166-43B8-8718-630E9BFBBFEA}.Release|Win32.Build.0 = Release|Win32
		{2D6C0D43-9166-43B8-8718-630E9BFBBFEA}.Release|x64.ActiveCfg = Release|x64
		{2D6C0D43-9166-43B8-8718-630E9BFBBFEA}.Release|x64.Build.0 = Release|x64
		{2D6C0D43-9166-43B8-8718-630E9BFBBFEA}.UniRelease|Win32.ActiveCfg = UniRelease|Win32
		{2D6C0D43-9166-43B8-8718-630E9BFBBFEA}.UniRelease|Win32.Build.0 = UniRelease|Win32
		{2D6C0D43-9166-43B8-8718-630E9BFBBFEA}.UniRelease|x64.ActiveCfg = UniRelease|x64
		{2D6C0D43-9166-43B8-8718-630E9BFBBFEA}.UniRelease|x64.Build.0 = UniRelease|x64
		{C6BEAD3C-EF56-403B-9C04-11CE9CB2680F}.Debug|Win32.ActiveCfg = Debug|Win32
		{C6BEAD3C-EF56-403B-9C04-11CE9CB2680F}.Debug|Win32.Build.0 = Debug|Win32
		{C6BEAD3C-EF56-403B-9C04-11CE9CB2680F}.Debug|x64.ActiveCfg = Debug|x64
		{C6BEAD3C-EF56-403B-9C04-11CE9CB2680F}.Debug|x64.Build.0 = Debug|x64
		{C6BEAD3C-EF56-403B-9C04-11CE9CB2680F}.Release|Win32.ActiveCfg = Release|Win32
		{C6BEAD3C-EF56-403B-9C04-11CE9CB2680F}.Release|Win32.Build.0 = Release|Win32
		{C6BEAD3C-EF56-403B-9C04-11CE9CB2680F}.Release|x64.ActiveCfg = Release|x64
		{C6BEAD3C-EF56-403B-9C04-11CE9CB2680F}.Release|x64.Build.0 = Release|x64
		{C6BEAD3C-EF56-403B-9C04-11CE9CB2680F}.UniRelease|Win32.ActiveCfg = UniRelease|Win32
		{C6BEAD3C-EF56-403B-9C04-11CE9CB2680F}.UniRelease|Win32.Build.0 = UniRelease|Win32
		{C6BEAD3C-EF56-403B-9C04-11CE9CB2680F}.UniRelease|x64.ActiveCfg = UniRelease|x64
		{C6BEAD3C-EF56-403B-9C04-11CE9CB2680F}.UniRelease|x64.Build.0 = UniRelease|x64
		{118E0188-5E98-4F08-B114-49234D1CD301}.Debug|Win32.ActiveCfg = Debug|Win32
		{118E0188-5E98-4F08-B114-49234D1CD301}.Debug|Win32.Build.0 = Debug|Win32
		{118E0188-5E98-4F08-B114-49234D1CD301}.Debug|x64.ActiveCfg = Debug|x64
		{118E0188-5E98-4F08-B114-49234D1CD301}.Debug|x64.Build.0 = Debug|x64
		{118E0188-5E98-4F08-B114-49234D1CD301}.Release|Win32.ActiveCfg = Release|Win32
		{118E0188-5E98-4F08-B114-49234D1CD301}.Release|Win32.Build.0 = Release|Win32
		{118E0188-5E98-4F08-B114-49234D1CD301}.Release|x64.ActiveCfg = Release|x64
		{118E0188-5E98-4F08-B114-49234D1CD301}.Release|x64.Build.0 = Release|x64
		{118E0188-5E98-4F08-B114-49234D1CD301}.UniRelease|Win32.ActiveCfg = UniRelease|Win32
		{118E0188-5E98-4F08-B114-49234D1CD301}.UniRelease|Win32.Build.0 = UniRelease|Win32
		{118E0188-5E98-4F08-B114-49234D1CD301}.UniRelease|x64.ActiveCfg = UniRelease|x64
		{118E0188-5E98-4F08-B114-49234D1CD301}.UniRelease|x64.Build.0 = UniRelease|x64
		{2D6C0D43-9166-43B8-8718-630E9BFBBFEC}.Debug|Win32.ActiveCfg = Debug|Win32
		{2D6C0D43-9166-43B8-8718-630E9BFBBFEC}.Debug|Win32.Build.0 = Debug|Win32
		{2D6C0D43-9166-43B8-8718-630E9BFBBFEC}.Debug|x64.ActiveCfg = Debug|x64
		{2D6C0D43-9166-43B8-8718-630E9BFBBFEC}.Debug|x64.Build.0 = Debug|x64
		{2D6C0D43-9166-43B8-8718-630E9BFBBFEC}.Release|Win32.ActiveCfg = Release|Win32
		{2D6C0D43-9166-43B8-8718-630E9BFBBFEC}.Release|Win32.Build.0 = Release|Win32
		{2D6C0D43-9166-43B8-8718-630E9BFBBFEC}.Release|x64.ActiveCfg = Release|x64
		{2D6C0D43-9166-43B8-8718-630E9BFBBFEC}.Release|x64.Build.0 = Release|x64
		{2D6C0D43-9166-43B8-8718-630E9BFBBFEC}.UniRelease|Win32.ActiveCfg = UniRelease|Win32
		{2D6C0D43-9166-43B8-8718-630E9BFBBFEC}.UniRelease|Win32.Build.0 = UniRelease|Win32
		{2D6C0D43-9166-43B8-8718-630E9BFBBFEC}.UniRelease|x64.ActiveCfg = UniRelease|x64
		{2D6C0D43-9166-43B8-8718-630E9BFBBFEC}.UniRelease|x64.Build.0 = UniRelease|x64
		{E8CDF3AC-1F5B-4E84-A43D-A79F65C8DAD6}.Debug|Win32.ActiveCfg = Debug|Win32
		{E8CDF3AC-1F5B-4E84-A43D-A79F65C8DAD6}.Debug|Win32.Build.0 = Debug|Win32
		{E8CDF3AC-1F5B-4E84-A43D-A79F65C8DAD6}.Debug|x64.ActiveCfg = Debug|x64
		{E8CDF3AC-1F5B-4E84-A43D-A79F65C8DAD6}.Debug|x64.Build.0 = Debug|x64
		{E8CDF3AC-1F5B-4E84-A43D-A79F65C8DAD6}.Release|Win32.ActiveCfg = Release|Win32
		{E8CDF3AC-1F5B-4E84-A43D-A79F65C8DAD6}.Release|Win32.Build.0 = Release|Win32
		{E8CDF3AC-1F5B-4E84-A43D-A79F65C8DAD6}.Release|x64.ActiveCfg = Release|x64
		{E8CDF3AC-1F5B-4E84-A43D-A79F65C8DAD6}.Release|x64.Build.0 = Release|x64
		{E8CDF3AC-1F5B-4E84-A43D-A79F65C8DAD6}.UniRelease|Win32.ActiveCfg = UniRelease|Win32
		{E8CDF3AC-1F5B-4E84-A43D-A79F65C8DAD6}.UniRelease|Win32.Build.0 = UniRelease|Win32
		{E8CDF3AC-1F5B-4E84-A43D-A79F65C8DAD6}.UniRelease|x64.ActiveCfg = UniRelease|x64
		{E8CDF3AC-1F5B-4E84-A43D-A79F65C8DAD6}.UniRelease|x64.Build.0 = UniRelease|x64
		{2D6C0D43-916C-43B8-8718-630E9BCBBFEC}.Debug|Win32.ActiveCfg = Debug|Win32
		{2D6C0D43-916C-43B8-8718-630E9BCBBFEC}.Debug|Win32.Build.0 = Debug|Win32
		{2D6C0D43-916C-43B8-8718-630E9BCBBFEC}.Debug|x64.ActiveCfg = Debug|x64
		{2D6C0D43-916C-43B8-8718-630E9BCBBFEC}.Debug|x64.Build.0 = Debug|x64
		{2D6C0D43-916C-43B8-8718-630E9BCBBFEC}.Release|Win32.ActiveCfg = Release|Win32
		{2D6C0D43-916C-43B8-8718-630E9BCBBFEC}.Release|Win32.Build.0 = Release|Win32
		{2D6C0D43-916C-43B8-8718-630E9BCBBFEC}.Release|x64.ActiveCfg = Release|x64
		{2D6C0D43-916C-43B8-8718-630E9BCBBFEC}.Release|x64.Build.0 = Release|x64
		{2D6C0D43-916C-43B8-8718-630E9BCBBFEC}.UniRelease|Win32.ActiveCfg = UniRelease|Win32
		{2D6C0D43-916C-43B8-8718-630E9BCBBFEC}.UniRelease|Win32.Build.0 = UniRelease|Win32
		{2D6C0D43-916C-43B8-8718-630E9BCBBFEC}.UniRelease|x64.ActiveCfg = UniRelease|x64
		{2D6C0D43-916C-43B8-8718-630E9BCBBFEC}.UniRelease|x64.Build.0 = UniRelease|x64
		{37EFF965-6DE9-4A3C-B1A9-44583EECDA2D}.Debug|Win32.ActiveCfg = Debug|Win32
		{37EFF965-6DE9-4A3C-B1A9-44583EECDA2D}.Debug|Win32.Build.0 = Debug|Win32
		{37EFF965-6DE9-4A3C-B1A9-44583EECDA2D}.Debug|x64.ActiveCfg = Debug|x64
		{37EFF965-6DE9-4A3C-B1A9-44583EECDA2D}.Debug|x64.Build.0 = Debug|x64
		{37EFF965-6DE9-4A3C-B1A9-44583EECDA2D}.Release|Win32.ActiveCfg = Release|Win32
		{37EFF965-6DE9-4A3C-B1A9-44583EECDA2D}.Release|Win32.Build.0 = Release|Win32
		{37EFF965-6DE9-4A3C-B1A9-44583EECDA2D}.Release|x64.ActiveCfg = Release|x64
		{37EFF965-6DE9-4A3C-B1A9-44583EECDA2D}.Release|x64.Build.0 = Release|x64
		{37EFF965-6DE9-4A3C-B1A9-44583EECDA2D}.UniRelease|Win32.ActiveCfg = UniRelease|Win32
		{37EFF965-6DE9-4A3C-B1A9-44583EECDA2D}.UniRelease|Win32.Build.0 = UniRelease|Win32
		{37EFF965-6DE9-4A3C-B1A9-44583EECDA2D}.UniRelease|x64.ActiveCfg = UniRelease|x64
		{37EFF965-6DE9-4A3C-B1A9-44583EECDA2D}.UniRelease|x64.Build.0 = UniRelease|x64
		{C14BBEB8-3AA6-4465-8C8C-9472508D03CF}.Debug|Win32.ActiveCfg = Debug|Win32
		{C14BBEB8-3AA6-4465-8C8C-9472508D03CF}.Debug|Win32.Build.0 = Debug|Win32
		{C14BBEB8-3AA6-4465-8C8C-9472508D03CF}.Debug|x64.ActiveCfg = Debug|x64
		{C14BBEB8-3AA6-4465-8C8C-9472508D03CF}.Debug|x64.Build.0 = Debug|x64
		{C14BBEB8-3AA6-4465-8C8C-9472508D03CF}.Release|Win32.ActiveCfg = Release|Win32
		{C14BBEB8-3AA6-4465-8C8C-9472508D03CF}.Release|Win32.Build.0 = Release|Win32
		{C14BBEB8-3AA6-4465-8C8C-9472508D03CF}.Release|x64.ActiveCfg = Release|x64
		{C14BBEB8-3AA6-4465-8C8C-9472508D03CF}.Release|x64.Build.0 = Release|x64
		{C14BBEB8-3AA6-4465-8C8C-9472508D03CF}.UniRelease|Win32.ActiveCfg = UniRelease|Win32
		{C14BBEB8-3AA6-4465-8C8C-9472508D03CF}.UniRelease|Win32.Build.0 = UniRelease|Win32
		{C14BBEB8-3AA6-4465-8C8C-9472508D03CF}.UniRelease|x64.ActiveCfg = UniRelease|x64
		{C14BBEB8-3AA6-4465-8C8C-9472508D03CF}.UniRelease|x64.Build.0 = UniRelease|x64
		{53F7689E-603A-4956-BDB0-359406CF1E7C}.Debug|Win32.ActiveCfg = Debug|Win32
		{53F7689E-603A-4956-BDB0-359406CF1E7C}.Debug|Win32.Build.0 = Debug|Win32
		{53F7689E-603A-4956-BDB0-359406CF1E7C}.Debug|x64.ActiveCfg = Debug|x64
		{53F7689E-603A-4956-BDB0-359406CF1E7C}.Debug|x64.Build.0 = Debug|x64
		{53F7689E-603A-4956-BDB0-359406CF1E7C}.Release|Win32.ActiveCfg = Release|Win32
		{53F7689E-603A-4956-BDB0-359406CF1E7C}.Release|Win32.Build.0 = Release|Win32
		{53F7689E-603A-4956-BDB0-359406CF1E7C}.Release|x64.ActiveCfg = Release|x64
		{53F7689E-603A-4956-BDB0-359406CF1E7C}.Release|x64.Build.0 = Release|x64
		{53F7689E-603A-4956-BDB0-359406CF1E7C}.UniRelease|Win32.ActiveCfg = UniRelease|Win32
		{53F7689E-603A-4956-BDB0-359406CF1E7C}.UniRelease|Win32.Build.0 = UniRelease|Win32
		{53F7689E-603A-4956-BDB0-359406CF1E7C}.UniRelease|x64.ActiveCfg = UniRelease|x64
		{53F7689E-603A-4956-BDB0-359406CF1E7C}.UniRelease|x64.Build.0 = UniRelease|x64
		{D6B288AA-2577-4B5E-AD10-A08EE83E4EEE}.Debug|Win32.ActiveCfg = Debug|Win32
		{D6B288AA-2577-4B5E-AD10-A08EE83E4EEE}.Debug|Win32.Build.0 = Debug|Win32
		{D6B288AA-2577-4B5E-AD10-A08EE83E4EEE}.Debug|x64.ActiveCfg = Debug|x64
		{D6B288AA-2577-4B5E-AD10-A08EE83E4EEE}.Debug|x64.Build.0 = Debug|x64
		{D6B288AA-2577-4B5E-AD10-A08EE83E4EEE}.Release|Win32.ActiveCfg = Release|Win32
		{D6B288AA-2577-4B5E-AD10-A08EE83E4EEE}.Release|Win32.Build.0 = Release|Win32
		{D6B288AA-2577-4B5E-AD10-A08EE83E4EEE}.Release|x64.ActiveCfg = Release|x64
		{D6B288AA-2577-4B5E-AD10-A08EE83E4EEE}.Release|x64.Build.0 = Release|x64
		{D6B288AA-2577-4B5E-AD10-A08EE83E4EEE}.UniRelease|Win32.ActiveCfg = UniRelease|Win32
		{D6B288AA-2577-4B5E-AD10-A08EE83E4EEE}.UniRelease|Win32.Build.0 = UniRelease|Win32
		{D6B288AA-2577-4B5E-AD10-A08EE83E4EEE}.UniRelease|x64.ActiveCfg = UniRelease|x64
		{D6B288AA-2577-4B5E-AD10-A08EE83E4EEE}.UniRelease|x64.Build.0 = UniRelease|x64
		{2EDAB884-6CE7-498A-B3B3-38B7C01574B6}.Debug|Win32.ActiveCfg = Debug|Win32
		{2EDAB884-6CE7-498A-B3B3-38B7C01574B6}.Debug|Win32.Build.0 = Debug|Win32
		{2EDAB884-6CE7-498A-B3B3-38B7C01574B6}.Debug|x64.ActiveCfg = Debug|x64
		{2EDAB884-6CE7-498A-B3B3-38B7C01574B6}.Debug|x64.Build.0 = Debug|x64
		{2EDAB884-6CE7-498A-B3B3-38B7C01574B6}.Release|Win32.ActiveCfg = Release|Win32
		{2EDAB884-6CE7-498A-B3B3-38B7C01574B6}.Release|Win32.Build.0 = Release|Win32
		{2EDAB884-6CE7-498A-B3B3-38B7C01574B6}.Release|x64.ActiveCfg = Release|x64
		{2EDAB884-6CE7-498A-B3B3-38B7C01574B6}.Release|x64.Build.0 = Release|x64
		{2EDAB884-6CE7-498A-B3B3-38B7C01574B6}.UniRelease|Win32.ActiveCfg = UniRelease|Win32
		{2EDAB884-6CE7-498A-B3B3-38B7C01574B6}.UniRelease|Win32.Build.0 = UniRelease|Win32
		{2EDAB884-6CE7-498A-B3B3-38B7C01574B6}.UniRelease|x64.ActiveCfg = UniRelease|x64
		{2EDAB884-6CE7-498A-B3B3-38B7C01574B6}.UniRelease|x64.Build.0 = UniRelease|x64
		{C44A1327-4BC3-4C39-B8D2-99F5417EB43B}.Debug|Win32.ActiveCfg = Debug|Win32
		{C44A1327-4BC3-4C39-B8D2-99F5417EB43B}.Debug|Win32.Build.0 = Debug|Win32
		{C44A1327-4BC3-4C39-B8D2-99F5417EB43B}.Debug|x64.ActiveCfg = Debug|x64
		{C44A1327-4BC3-4C39-B8D2-99F5417EB43B}.Debug|x64.Build.0 = Debug|x64
		{C44A1327-4BC3-4C39-B8D2-99F5417EB43B}.Release|Win32.ActiveCfg = Release|Win32
		{C44A1327-4BC3-4C39-B8D2-99F5417EB43B}.Release|Win32.Build.0 = Release|Win32
		{C44A1327-4BC3-4C39-B8D2-99F5417EB43B}.Release|x64.ActiveCfg = Release|x64
		{C44A1327-4BC3-4C39-B8D2-99F5417EB43B}.Release|x64.Build.0 = Release|x64
		{C44A1327-4BC3-4C39-B8D2-99F5417EB43B}.UniRelease|Win32.ActiveCfg = UniRelease|Win32
		{C44A1327-4BC3-4C39-B8D2-99F5417EB43B}.UniRelease|Win32.Build.0 = UniRelease|Win32
		{C44A1327-4BC3-4C39-B8D2-99F5417EB43B}.UniRelease|x64.ActiveCfg = UniRelease|x64
		{C44A1327-4BC3-4C39-B8D2-99F5417EB43B}.UniRelease|x64.Build.0 = UniRelease|x64
		{68101999-7FC0-4189-933C-05F6F24AD1F7}.Debug|Win32.ActiveCfg = Debug|Win32
		{68101999-7FC0-4189-933C-05F6F24AD1F7}.Debug|Win32.Build.0 = Debug|Win32
		{68101999-7FC0-4189-933C-05F6F24AD1F7}.Debug|x64.ActiveCfg = Debug|x64
		{68101999-7FC0-4189-933C-05F6F24AD1F7}.Debug|x64.Build.0 = Debug|x64
		{68101999-7FC0-4189-933C-05F6F24AD1F7}.Release|Win32.ActiveCfg = Release|Win32
		{68101999-7FC0-4189-933C-05F6F24AD1F7}.Release|Win32.Build.0 = Release|Win32
		{68101999-7FC0-4189-933C-05F6F24AD1F7}.Release|x64.ActiveCfg = Release|x64
		{68101999-7FC0-4189-933C-05F6F24AD1F7}.Release|x64.Build.0 = Release|x64
		{68101999-7FC0-4189-933C-05F6F24AD1F7}.UniRelease|Win32.ActiveCfg = UniRelease|Win32
		{68101999-7FC0-4189-933C-05F6F24AD1F7}.UniRelease|Win32.Build.0 = UniRelease|Win32
		{68101999-7FC0-4189-933C-05F6F24AD1F7}.UniRelease|x64.ActiveCfg = UniRelease|x64
		{68101999-7FC0-4189-933C-05F6F24AD1F7}.UniRelease|x64.Build.0 = UniRelease|x64
		{14A6BEB9-B8B1-4032-950C-1CB2A0C124BC}.Debug|Win32.ActiveCfg = Debug|Win32
		{14A6BEB9-B8B1-4032-950C-1CB2A0C124BC}.Debug|Win32.Build.0 = Debug|Win32
		{14A6BEB9-B8B1-4032-950C-1CB2A0C124BC}.Debug|x64.ActiveCfg = Debug|x64
		{14A6BEB9-B8B1-4032-950C-1CB2A0C124BC}.Debug|x64.Build.0 = Debug|x64
		{14A6BEB9-B8B1-4032-950C-1CB2A0C124BC}.Release|Win32.ActiveCfg = Release|Win32
		{14A6BEB9-B8B1-4032-950C-1CB2A0C124BC}.Release|Win32.Build.0 = Release|Win32
		{14A6BEB9-B8B1-4032-950C-1CB2A0C124BC}.Release|x64.ActiveCfg = Release|x64
		{14A6BEB9-B8B1-4032-950C-1CB2A0C124BC}.Release|x64.Build.0 = Release|x64
		{14A6BEB9-B8B1-4032-950C-1CB2A0C124BC}.UniRelease|Win32.ActiveCfg = UniRelease|Win32
		{14A6BEB9-B8B1-4032-950C-1CB2A0C124BC}.UniRelease|Win32.Build.0 = UniRelease|Win32
		{14A6BEB9-B8B1-4032-950C-1CB2A0C124BC}.UniRelease|x64.ActiveCfg = UniRelease|x64
		{14A6BEB9-B8B1-4032-950C-1CB2A0C124BC}.UniRelease|x64.Build.0 = UniRelease|x64
		{CEB714B5-2B93-41F2-B2D2-540F03BBA537}.Debug|Win32.ActiveCfg = Debug|Win32
		{CEB714B5-2B93-41F2-B2D2-540F03BBA537}.Debug|Win32.Build.0 = Debug|Win32
		{CEB714B5-2B93-41F2-B2D2-540F03BBA537}.Debug|x64.ActiveCfg = Debug|x64
		{CEB714B5-2B93-41F2-B2D2-540F03BBA537}.Debug|x64.Build.0 = Debug|x64
		{CEB714B5-2B93-41F2-B2D2-540F03BBA537}.Release|Win32.ActiveCfg = Release|Win32
		{CEB714B5-2B93-41F2-B2D2-540F03BBA537}.Release|Win32.Build.0 = Release|Win32
		{CEB714B5-2B93-41F2-B2D2-540F03BBA537}.Release|x64.ActiveCfg = Release|x64
		{CEB714B5-2B93-41F2-B2D2-540F03BBA537}.Release|x64.Build.0 = Release|x64
		{CEB714B5-2B93-41F2-B2D2-540F03BBA537}.UniRelease|Win32.ActiveCfg = UniRelease|Win32
		{CEB714B5-2B93-41F2-B2D2-540F03BBA537}.UniRelease|Win32.Build.0 = UniRelease|Win32
		{CEB714B5-2B93-41F2-B2D2-540F03BBA537}.UniRelease|x64.ActiveCfg = UniRelease|x64
		{CEB714B5-2B93-41F2-B2D2-540F03BBA537}.UniRelease|x64.Build.0 = UniRelease|x64
		{3D1F16AC-ECAE-43A4-82E7-0948F112E6C1}.Debug|Win32.ActiveCfg = Debug|Win32
		{3D1F16AC-ECAE-43A4-82E7-0948F112E6C1}.Debug|Win32.Build.0 = Debug|Win32
		{3D1F16AC-ECAE-43A4-82E7-0948F112E6C1}.Debug|x64.ActiveCfg = Debug|x64
		{3D1F16AC-ECAE-43A4-82E7-0948F112E6C1}.Debug|x64.Build.0 = Debug|x64
		{3D1F16AC-ECAE-43A4-82E7-0948F112E6C1}.Release|Win32.ActiveCfg = Release|Win32
		{3D1F16AC-ECAE-43A4-82E7-0948F112E6C1}.Release|Win32.Build.0 = Release|Win32
		{3D1F16AC-ECAE-43A4-82E7-0948F112E6C1}.Release|x64.ActiveCfg = Release|x64
		{3D1F16AC-ECAE-43A4-82E7-0948F112E6C1}.Release|x64.Build.0 = Release|x64
		{3D1F16AC-ECAE-43A4-82E7-0948F112E6C1}.UniRelease|Win32.ActiveCfg = UniRelease|Win32
		{3D1F16AC-ECAE-43A4-82E7-0948F112E6C1}.UniRelease|Win32.Build.0 = UniRelease|Win32
		{3D1F16AC-ECAE-43A4-82E7-0948F112E6C1}.UniRelease|x64.ActiveCfg = UniRelease|x64
		{3D1F16AC-ECAE-43A4-82E7-0948F112E6C1}.UniRelease|x64.Build.0 = UniRelease|x64
		{301FC141-D902-4449-A4AB-F05B5B032979}.Debug|Win32.ActiveCfg = Debug|Win32
		{301FC141-D902-4449-A4AB-F05B5B032979}.Debug|Win32.Build.0 = Debug|Win32
		{301FC141-D902-4449-A4AB-F05B5B032979}.Debug|x64.ActiveCfg = Debug|x64
		{301FC141-D902-4449-A4AB-F05B5B032979}.Debug|x64.Build.0 = Debug|x64
		{301FC141-D902-4449-A4AB-F05B5B032979}.Release|Win32.ActiveCfg = Release|Win32
		{301FC141-D902-4449-A4AB-F05B5B032979}.Release|Win32.Build.0 = Release|Win32
		{301FC141-D902-4449-A4AB-F05B5B032979}.Release|x64.ActiveCfg = Release|x64
		{301FC141-D902-4449-A4AB-F05B5B032979}.Release|x64.Build.0 = Release|x64
		{301FC141-D902-4449-A4AB-F05B5B032979}.UniRelease|Win32.ActiveCfg = UniRelease|Win32
		{301FC141-D902-4449-A4AB-F05B5B032979}.UniRelease|Win32.Build.0 = UniRelease|Win32
		{301FC141-D902-4449-A4AB-F05B5B032979}.UniRelease|x64.ActiveCfg = UniRelease|x64
		{301FC141-D902-4449-A4AB-F05B5B032979}.UniRelease|x64.Build.0 = UniRelease|x64
		{AA599DC1-778D-4725-92C7-A3E10CD80A82}.Debug|Win32.ActiveCfg = Debug|Win32
		{AA599DC1-778D-4725-92C7-A3E10CD80A82}.Debug|Win32.Build.0 = Debug|Win32
		{AA599DC1-778D-4725-92C7-A3E10CD80A82}.Debug|x64.ActiveCfg = Debug|x64
		{AA599DC1-778D-4725-92C7-A3E10CD80A82}.Debug|x64.Build.0 = Debug|x64
		{AA599DC1-778D-4725-92C7-A3E10CD80A82}.Release|Win32.ActiveCfg = Release|Win32
		{AA599DC1-778D-4725-92C7-A3E10CD80A82}.Release|Win32.Build.0 = Release|Win32
		{AA599DC1-778D-4725-92C7-A3E10CD80A82}.Release|x64.ActiveCfg = Release|x64
		{AA599DC1-778D-4725-92C7-A3E10CD80A82}.Release|x64.Build.0 = Release|x64
		{AA599DC1-778D-4725-92C7-A3E10CD80A82}.UniRelease|Win32.ActiveCfg = UniRelease|Win32
		{AA599DC1-778D-4725-92C7-A3E10CD80A82}.UniRelease|Win32.Build.0 = UniRelease|Win32
		{AA599DC1-778D-4725-92C7-A3E10CD80A82}.UniRelease|x64.ActiveCfg = UniRelease|x64
		{AA599DC1-778D-4725-92C7-A3E10CD80A82}.UniRelease|x64.Build.0 = UniRelease|x64
		{D2544AFD-4725-48C7-A848-BF97E45214BC}.Debug|Win32.ActiveCfg = Debug|Win32
		{D2544AFD-4725-48C7-A848-BF97E45214BC}.Debug|Win32.Build.0 = Debug|Win32
		{D2544AFD-4725-48C7-A848-BF97E45214BC}.Debug|x64.ActiveCfg = Debug|x64
		{D2544AFD-4725-48C7-A848-BF97E45214BC}.Debug|x64.Build.0 = Debug|x64
		{D2544AFD-4725-48C7-A848-BF97E45214BC}.Release|Win32.ActiveCfg = Release|Win32
		{D2544AFD-4725-48C7-A848-BF97E45214BC}.Release|Win32.Build.0 = Release|Win32
		{D2544AFD-4725-48C7-A848-BF97E45214BC}.Release|x64.ActiveCfg = Release|x64
		{D2544AFD-4725-48C7-A848-BF97E45214BC}.Release|x64.Build.0 = Release|x64
		{D2544AFD-4725-48C7-A848-BF97E45214BC}.UniRelease|Win32.ActiveCfg = UniRelease|Win32
		{D2544AFD-4725-48C7-A848-BF97E45214BC}.UniRelease|Win32.Build.0 = UniRelease|Win32
		{D2544AFD-4725-48C7-A848-BF97E45214BC}.UniRelease|x64.ActiveCfg = UniRelease|x64
		{D2544AFD-4725-48C7-A848-BF97E45214BC}.UniRelease|x64.Build.0 = UniRelease|x64
		{763327A0-1C33-4622-B69E-D8B2B0FF08A2}.Debug|Win32.ActiveCfg = Debug|Win32
		{763327A0-1C33-4622-B69E-D8B2B0FF08A2}.Debug|Win32.Build.0 = Debug|Win32
		{763327A0-1C33-4622-B69E-D8B2B0FF08A2}.Debug|x64.ActiveCfg = Debug|x64
		{763327A0-1C33-4622-B69E-D8B2B0FF08A2}.Debug|x64.Build.0 = Debug|x64
		{763327A0-1C33-4622-B69E-D8B2B0FF08A2}.Release|Win32.ActiveCfg = Release|Win32
		{763327A0-1C33-4622-B69E-D8B2B0FF08A2}.Release|Win32.Build.0 = Release|Win32
		{763327A0-1C33-4622-B69E-D8B2B0FF08A2}.Release|x64.ActiveCfg = Release|x64
		{763327A0-1C33-4622-B69E-D8B2B0FF08A2}.Release|x64.Build.0 = Release|x64
		{763327A0-1C33-4622-B69E-D8B2B0FF08A2}.UniRelease|Win32.ActiveCfg = UniRelease|Win32
		{763327A0-1C33-4622-B69E-D8B2B0FF08A2}.UniRelease|Win32.Build.0 = UniRelease|Win32
		{763327A0-1C33-4622-B69E-D8B2B0FF08A2}.UniRelease|x64.ActiveCfg = UniRelease|x64
		{763327A0-1C33-4622-B69E-D8B2B0FF08A2}.UniRelease|x64.Build.0 = UniRelease|x64
		{78571E79-98FD-470B-9F10-6C10137F6158}.Debug|Win32.ActiveCfg = Debug|Win32
		{78571E79-98FD-470B-9F10-6C10137F6158}.Debug|Win32.Build.0 = Debug|Win32
		{78571E79-98FD-470B-9F10-6C10137F6158}.Debug|x64.ActiveCfg = Debug|x64
		{78571E79-98FD-470B-9F10-6C10137F6158}.Debug|x64.Build.0 = Debug|x64
		{78571E79-98FD-470B-9F10-6C10137F6158}.Release|Win32.ActiveCfg = Release|Win32
		{78571E79-98FD-470B-9F10-6C10137F6158}.Release|Win32.Build.0 = Release|Win32
		{78571E79-98FD-470B-9F10-6C10137F6158}.Release|x64.ActiveCfg = Release|x64
		{78571E79-98FD-470B-9F10-6C10137F6158}.Release|x64.Build.0 = Release|x64
		{78571E79-98FD-470B-9F10-6C10137F6158}.UniRelease|Win32.ActiveCfg = UniRelease|Win32
		{78571E79-98FD-470B-9F10-6C10137F6158}.UniRelease|Win32.Build.0 = UniRelease|Win32
		{78571E79-98FD-470B-9F10-6C10137F6158}.UniRelease|x64.ActiveCfg = UniRelease|x64
		{78571E79-98FD-470B-9F10-6C10137F6158}.UniRelease|x64.Build.0 = UniRelease|x64
		{3E151A6D-0F1C-4104-9100-BE2FC9CE4727}.Debug|Win32.ActiveCfg = Debug|Win32
		{3E151A6D-0F1C-4104-9100-BE2FC9CE4727}.Debug|Win32.Build.0 = Debug|Win32
		{3E151A6D-0F1C-4104-9100-BE2FC9CE4727}.Debug|x64.ActiveCfg = Debug|x64
		{3E151A6D-0F1C-4104-9100-BE2FC9CE4727}.Debug|x64.Build.0 = Debug|x64
		{3E151A6D-0F1C-4104-9100-BE2FC9CE4727}.Release|Win32.ActiveCfg = Release|Win32
		{3E151A6D-0F1C-4104-9100-BE2FC9CE4727}.Release|Win32.Build.0 = Release|Win32
		{3E151A6D-0F1C-4104-9100-BE2FC9CE4727}.Release|x64.ActiveCfg = Release|x64
		{3E151A6D-0F1C-4104-9100-BE2FC9CE4727}.Release|x64.Build.0 = Release|x64
		{3E151A6D-0F1C-4104-9100-BE2FC9CE4727}.UniRelease|Win32.ActiveCfg = UniRelease|Win32
		{3E151A6D-0F1C-4104-9100-BE2FC9CE4727}.UniRelease|Win32.Build.0 = UniRelease|Win32
		{3E151A6D-0F1C-4104-9100-BE2FC9CE4727}.UniRelease|x64.ActiveCfg = UniRelease|x64
		{3E151A6D-0F1C-4104-9100-BE2FC9CE4727}.UniRelease|x64.Build.0 = UniRelease|x64
		{4CF204D6-8318-4C36-840B-C2E227DC037E}.Debug|Win32.ActiveCfg = Debug|Win32
		{4CF204D6-8318-4C36-840B-C2E227DC037E}.Debug|Win32.Build.0 = Debug|Win32
		{4CF204D6-8318-4C36-840B-C2E227DC037E}.Debug|x64.ActiveCfg = Debug|x64
		{4CF204D6-8318-4C36-840B-C2E227DC037E}.Debug|x64.Build.0 = Debug|x64
		{4CF204D6-8318-4C36-840B-C2E227DC037E}.Release|Win32.ActiveCfg = Release|Win32
		{4CF204D6-8318-4C36-840B-C2E227DC037E}.Release|Win32.Build.0 = Release|Win32
		{4CF204D6-8318-4C36-840B-C2E227DC037E}.Release|x64.ActiveCfg = Release|x64
		{4CF204D6-8318-4C36-840B-C2E227DC037E}.Release|x64.Build.0 = Release|x64
		{4CF204D6-8318-4C36-840B-C2E227DC037E}.UniRelease|Win32.ActiveCfg = UniRelease|Win32
		{4CF204D6-8318-4C36-840B-C2E227DC037E}.UniRelease|Win32.Build.0 = UniRelease|Win32
		{4CF204D6-8318-4C36-840B-C2E227DC037E}.UniRelease|x64.ActiveCfg = UniRelease|x64
		{4CF204D6-8318-4C36-840B-C2E227DC037E}.UniRelease|x64.Build.0 = UniRelease|x64
		{F0193D7E-FBE4-4131-901F-BDCF319A4418}.Debug|Win32.ActiveCfg = Debug|Win32
		{F0193D7E-FBE4-4131-901F-BDCF319A4418}.Debug|Win32.Build.0 = Debug|Win32
		{F0193D7E-FBE4-4131-901F-BDCF319A4418}.Debug|x64.ActiveCfg = Debug|x64
		{F0193D7E-FBE4-4131-901F-BDCF319A4418}.Debug|x64.Build.0 = Debug|x64
		{F0193D7E-FBE4-4131-901F-BDCF319A4418}.Release|Win32.ActiveCfg = Release|Win32
		{F0193D7E-FBE4-4131-901F-BDCF319A4418}.Release|Win32.Build.0 = Release|Win32
		{F0193D7E-FBE4-4131-901F-BDCF319A4418}.Release|x64.ActiveCfg = Release|x64
		{F0193D7E-FBE4-4131-901F-BDCF319A4418}.Release|x64.Build.0 = Release|x64
		{F0193D7E-FBE4-4131-901F-BDCF319A4418}.UniRelease|Win32.ActiveCfg = UniRelease|Win32
		{F0193D7E-FBE4-4131-901F-BDCF319A4418}.UniRelease|Win32.Build.0 = UniRelease|Win32
		{F0193D7E-FBE4-4131-901F-BDCF319A4418}.UniRelease|x64.ActiveCfg = UniRelease|x64
		{F0193D7E-FBE4-4131-901F-BDCF319A4418}.UniRelease|x64.Build.0 = UniRelease|x64
		{3F9ECA55-428D-4F0A-88C9-C7A2DD27B6B2}.Debug|Win32.ActiveCfg = Debug|Win32
		{3F9ECA55-428D-4F0A-88C9-C7A2DD27B6B2}.Debug|Win32.Build.0 = Debug|Win32
		{3F9ECA55-428D-4F0A-88C9-C7A2DD27B6B2}.Debug|x64.ActiveCfg = Debug|x64
		{3F9ECA55-428D-4F0A-88C9-C7A2DD27B6B2}.Debug|x64.Build.0 = Debug|x64
		{3F9ECA55-428D-4F0A-88C9-C7A2DD27B6B2}.Release|Win32.ActiveCfg = Release|Win32
		{3F9ECA55-428D-4F0A-88C9-C7A2DD27B6B2}.Release|Win32.Build.0 = Release|Win32
		{3F9ECA55-428D-4F0A-88C9-C7A2DD27B6B2}.Release|x64.ActiveCfg = Release|x64
		{3F9ECA55-428D-4F0A-88C9-C7A2DD27B6B2}.Release|x64.Build.0 = Release|x64
		{3F9ECA55-428D-4F0A-88C9-C7A2DD27B6B2}.UniRelease|Win32.ActiveCfg = UniRelease|Win32
		{3F9ECA55-428D-4F0A-88C9-C7A2DD27B6B2}.UniRelease|Win32.Build.0 = UniRelease|Win32
		{3F9ECA55-428D-4F0A-88C9-C7A2DD27B6B2}.UniRelease|x64.ActiveCfg = UniRelease|x64
		{3F9ECA55-428D-4F0A-88C9-C7A2DD27B6B2}.UniRelease|x64.Build.0 = UniRelease|x64
		{93D311D7-B55C-402A-B3FC-C8A8FB807985}.Debug|Win32.ActiveCfg = Debug|Win32
		{93D311D7-B55C-402A-B3FC-C8A8FB807985}.Debug|x64.ActiveCfg = Debug|x64
		{93D311D7-B55C-402A-B3FC-C8A8FB807985}.Debug|x64.Build.0 = Debug|x64
		{93D311D7-B55C-402A-B3FC-C8A8FB807985}.Release|Win32.ActiveCfg = Release|Win32
		{93D311D7-B55C-402A-B3FC-C8A8FB807985}.Release|Win32.Build.0 = Release|Win32
		{93D311D7-B55C-402A-B3FC-C8A8FB807985}.Release|x64.ActiveCfg = Release|x64
		{93D311D7-B55C-402A-B3FC-C8A8FB807985}.Release|x64.Build.0 = Release|x64
		{93D311D7-B55C-402A-B3FC-C8A8FB807985}.UniRelease|Win32.ActiveCfg = UniRelease|Win32
		{93D311D7-B55C-402A-B3FC-C8A8FB807985}.UniRelease|Win32.Build.0 = UniRelease|Win32
		{93D311D7-B55C-402A-B3FC-C8A8FB807985}.UniRelease|x64.ActiveCfg = UniRelease|x64
		{93D311D7-B55C-402A-B3FC-C8A8FB807985}.UniRelease|x64.Build.0 = UniRelease|x64
		{7624C708-C953-475E-8E42-496524EC6CE3}.Debug|Win32.ActiveCfg = Debug|Win32
		{7624C708-C953-475E-8E42-496524EC6CE3}.Debug|Win32.Build.0 = Debug|Win32
		{7624C708-C953-475E-8E42-496524EC6CE3}.Debug|x64.ActiveCfg = Debug|x64
		{7624C708-C953-475E-8E42-496524EC6CE3}.Debug|x64.Build.0 = Debug|x64
		{7624C708-C953-475E-8E42-496524EC6CE3}.Release|Win32.ActiveCfg = Release|Win32
		{7624C708-C953-475E-8E42-496524EC6CE3}.Release|Win32.Build.0 = Release|Win32
		{7624C708-C953-475E-8E42-496524EC6CE3}.Release|x64.ActiveCfg = Release|x64
		{7624C708-C953-475E-8E42-496524EC6CE3}.Release|x64.Build.0 = Release|x64
		{7624C708-C953-475E-8E42-496524EC6CE3}.UniRelease|Win32.ActiveCfg = UniRelease|Win32
		{7624C708-C953-475E-8E42-496524EC6CE3}.UniRelease|Win32.Build.0 = UniRelease|Win32
		{7624C708-C953-475E-8E42-496524EC6CE3}.UniRelease|x64.ActiveCfg = UniRelease|x64
		{7624C708-C953-475E-8E42-496524EC6CE3}.UniRelease|x64.Build.0 = UniRelease|x64
		{1E6BADF1-72C3-497D-B460-6FC885A77C70}.Debug|Win32.ActiveCfg = Debug|Win32
		{1E6BADF1-72C3-497D-B460-6FC885A77C70}.Debug|Win32.Build.0 = Debug|Win32
		{1E6BADF1-72C3-497D-B460-6FC885A77C70}.Debug|x64.ActiveCfg = Debug|x64
		{1E6BADF1-72C3-497D-B460-6FC885A77C70}.Debug|x64.Build.0 = Debug|x64
		{1E6BADF1-72C3-497D-B460-6FC885A77C70}.Release|Win32.ActiveCfg = Release|Win32
		{1E6BADF1-72C3-497D-B460-6FC885A77C70}.Release|Win32.Build.0 = Release|Win32
		{1E6BADF1-72C3-497D-B460-6FC885A77C70}.Release|x64.ActiveCfg = Release|x64
		{1E6BADF1-72C3-497D-B460-6FC885A77C70}.Release|x64.Build.0 = Release|x64
		{1E6BADF1-72C3-497D-B460-6FC885A77C70}.UniRelease|Win32.ActiveCfg = UniRelease|Win32
		{1E6BADF1-72C3-497D-B460-6FC885A77C70}.UniRelease|Win32.Build.0 = UniRelease|Win32
		{1E6BADF1-72C3-497D-B460-6FC885A77C70}.UniRelease|x64.ActiveCfg = UniRelease|x64
		{1E6BADF1-72C3-497D-B460-6FC885A77C70}.UniRelease|x64.Build.0 = UniRelease|x64
		{55A4A6F8-6736-484B-B381-9AFAADE52C33}.Debug|Win32.ActiveCfg = Debug|Win32
		{55A4A6F8-6736-484B-B381-9AFAADE52C33}.Debug|Win32.Build.0 = Debug|Win32
		{55A4A6F8-6736-484B-B381-9AFAADE52C33}.Debug|x64.ActiveCfg = Debug|x64
		{55A4A6F8-6736-484B-B381-9AFAADE52C33}.Debug|x64.Build.0 = Debug|x64
		{55A4A6F8-6736-484B-B381-9AFAADE52C33}.Release|Win32.ActiveCfg = Release|Win32
		{55A4A6F8-6736-484B-B381-9AFAADE52C33}.Release|Win32.Build.0 = Release|Win32
		{55A4A6F8-6736-484B-B381-9AFAADE52C33}.Release|x64.ActiveCfg = Release|x64
		{55A4A6F8-6736-484B-B381-9AFAADE52C33}.Release|x64.Build.0 = Release|x64
		{55A4A6F8-6736-484B-B381-9AFAADE52C33}.UniRelease|Win32.ActiveCfg = UniRelease|Win32
		{55A4A6F8-6736-484B-B381-9AFAADE52C33}.UniRelease|Win32.Build.0 = UniRelease|Win32
		{55A4A6F8-6736-484B-B381-9AFAADE52C33}.UniRelease|x64.ActiveCfg = UniRelease|x64
		{55A4A6F8-6736-484B-B381-9AFAADE52C33}.UniRelease|x64.Build.0 = UniRelease|x64
		{65E5B9C2-DFD6-4971-BCBF-97BD0EE0DCDB}.Debug|Win32.ActiveCfg = Debug|Win32
		{65E5B9C2-DFD6-4971-BCBF-97BD0EE0DCDB}.Debug|Win32.Build.0 = Debug|Win32
		{65E5B9C2-DFD6-4971-BCBF-97BD0EE0DCDB}.Debug|x64.ActiveCfg = Debug|x64
		{65E5B9C2-DFD6-4971-BCBF-97BD0EE0DCDB}.Debug|x64.Build.0 = Debug|x64
		{65E5B9C2-DFD6-4971-BCBF-97BD0EE0DCDB}.Release|Win32.ActiveCfg = Release|Win32
		{65E5B9C2-DFD6-4971-BCBF-97BD0EE0DCDB}.Release|Win32.Build.0 = Release|Win32
		{65E5B9C2-DFD6-4971-BCBF-97BD0EE0DCDB}.Release|x64.ActiveCfg = Release|x64
		{65E5B9C2-DFD6-4971-BCBF-97BD0EE0DCDB}.Release|x64.Build.0 = Release|x64
		{65E5B9C2-DFD6-4971-BCBF-97BD0EE0DCDB}.UniRelease|Win32.ActiveCfg = UniRelease|Win32
		{65E5B9C2-DFD6-4971-BCBF-97BD0EE0DCDB}.UniRelease|Win32.Build.0 = UniRelease|Win32
		{65E5B9C2-DFD6-4971-BCBF-97BD0EE0DCDB}.UniRelease|x64.ActiveCfg = UniRelease|x64
		{65E5B9C2-DFD6-4971-BCBF-97BD0EE0DCDB}.UniRelease|x64.Build.0 = UniRelease|x64
		{CE7B863D-E28F-4790-9147-910CF3AA27F4}.Debug|Win32.ActiveCfg = Debug|Win32
		{CE7B863D-E28F-4790-9147-910CF3AA27F4}.Debug|Win32.Build.0 = Debug|Win32
		{CE7B863D-E28F-4790-9147-910CF3AA27F4}.Debug|x64.ActiveCfg = Debug|x64
		{CE7B863D-E28F-4790-9147-910CF3AA27F4}.Debug|x64.Build.0 = Debug|x64
		{CE7B863D-E28F-4790-9147-910CF3AA27F4}.Release|Win32.ActiveCfg = Release|Win32
		{CE7B863D-E28F-4790-9147-910CF3AA27F4}.Release|Win32.Build.0 = Release|Win32
		{CE7B863D-E28F-4790-9147-910CF3AA27F4}.Release|x64.ActiveCfg = Release|x64
		{CE7B863D-E28F-4790-9147-910CF3AA27F4}.Release|x64.Build.0 = Release|x64
		{CE7B863D-E28F-4790-9147-910CF3AA27F4}.UniRelease|Win32.ActiveCfg = UniRelease|Win32
		{CE7B863D-E28F-4790-9147-910CF3AA27F4}.UniRelease|Win32.Build.0 = UniRelease|Win32
		{CE7B863D-E28F-4790-9147-910CF3AA27F4}.UniRelease|x64.ActiveCfg = UniRelease|x64
		{CE7B863D-E28F-4790-9147-910CF3AA27F4}.UniRelease|x64.Build.0 = UniRelease|x64
		{303D2FD0-47E7-43D9-9D9F-962E4793EEC2}.Debug|Win32.ActiveCfg = Debug|Win32
		{303D2FD0-47E7-43D9-9D9F-962E4793EEC2}.Debug|Win32.Build.0 = Debug|Win32
		{303D2FD0-47E7-43D9-9D9F-962E4793EEC2}.Debug|x64.ActiveCfg = Debug|x64
		{303D2FD0-47E7-43D9-9D9F-962E4793EEC2}.Debug|x64.Build.0 = Debug|x64
		{303D2FD0-47E7-43D9-9D9F-962E4793EEC2}.Release|Win32.ActiveCfg = Release|Win32
		{303D2FD0-47E7-43D9-9D9F-962E4793EEC2}.Release|Win32.Build.0 = Release|Win32
		{303D2FD0-47E7-43D9-9D9F-962E4793EEC2}.Release|x64.ActiveCfg = Release|x64
		{303D2FD0-47E7-43D9-9D9F-962E4793EEC2}.Release|x64.Build.0 = Release|x64
		{303D2FD0-47E7-43D9-9D9F-962E4793EEC2}.UniRelease|Win32.ActiveCfg = UniRelease|Win32
		{303D2FD0-47E7-43D9-9D9F-962E4793EEC2}.UniRelease|Win32.Build.0 = UniRelease|Win32
		{303D2FD0-47E7-43D9-9D9F-962E4793EEC2}.UniRelease|x64.ActiveCfg = UniRelease|x64
		{303D2FD0-47E7-43D9-9D9F-962E4793EEC2}.UniRelease|x64.Build.0 = UniRelease|x64
		{E2A7A3E0-2875-48AC-9AAF-37EBDC2BB7C2}.Debug|Win32.ActiveCfg = Debug|Win32
		{E2A7A3E0-2875-48AC-9AAF-37EBDC2BB7C2}.Debug|Win32.Build.0 = Debug|Win32
		{E2A7A3E0-2875-48AC-9AAF-37EBDC2BB7C2}.Debug|x64.ActiveCfg = Debug|x64
		{E2A7A3E0-2875-48AC-9AAF-37EBDC2BB7C2}.Debug|x64.Build.0 = Debug|x64
		{E2A7A3E0-2875-48AC-9AAF-37EBDC2BB7C2}.Release|Win32.ActiveCfg = Release|Win32
		{E2A7A3E0-2875-48AC-9AAF-37EBDC2BB7C2}.Release|Win32.Build.0 = Release|Win32
		{E2A7A3E0-2875-48AC-9AAF-37EBDC2BB7C2}.Release|x64.ActiveCfg = Release|x64
		{E2A7A3E0-2875-48AC-9AAF-37EBDC2BB7C2}.Release|x64.Build.0 = Release|x64
		{E2A7A3E0-2875-48AC-9AAF-37EBDC2BB7C2}.UniRelease|Win32.ActiveCfg = UniRelease|Win32
		{E2A7A3E0-2875-48AC-9AAF-37EBDC2BB7C2}.UniRelease|Win32.Build.0 = UniRelease|Win32
		{E2A7A3E0-2875-48AC-9AAF-37EBDC2BB7C2}.UniRelease|x64.ActiveCfg = UniRelease|x64
		{E2A7A3E0-2875-48AC-9AAF-37EBDC2BB7C2}.UniRelease|x64.Build.0 = UniRelease|x64
	EndGlobalSection
	GlobalSection(SolutionProperties) = preSolution
		HideSolutionNode = FALSE
	EndGlobalSection
EndGlobal
