
Microsoft Visual Studio Solution File, Format Version 9.00
# Visual Studio 2005
Project("{8BC9CEB8-8B4A-11D0-8D11-00A0C91BC942}") = "libcelt", "celt\Build\libcelt.vcproj", "{968A014E-06D4-4262-A218-3D25F3DD6726}"
EndProject
Project("{8BC9CEB8-8B4A-11D0-8D11-00A0C91BC942}") = "libogg", "ogg\Build\libogg.vcproj", "{15CBFEFF-7965-41F5-B4E2-21E8795C9159}"
EndProject
Project("{8BC9CEB8-8B4A-11D0-8D11-00A0C91BC942}") = "portaudio", "portaudio\build\portaudio.vcproj", "{0A18A071-125E-442F-AFF7-A3F68ABECF99}"
EndProject
Project("{8BC9CEB8-8B4A-11D0-8D11-00A0C91BC942}") = "libspeex", "speex\Build\libspeex.vcproj", "{E972C52F-9E85-4D65-B19C-031E511E9DB4}"
EndProject
Project("{8BC9CEB8-8B4A-11D0-8D11-00A0C91BC942}") = "libspeexdsp", "speex\Build\libspeexdsp.vcproj", "{E42FDC95-7243-4219-9EA4-ACCE4AB97197}"
EndProject
Project("{8BC9CEB8-8B4A-11D0-8D11-00A0C91BC942}") = "libsndfile", "libsndfile\Build\libsndfile.vcproj", "{13A8FD59-F579-456E-A56C-2692ABA98F54}"
EndProject
Project("{8BC9CEB8-8B4A-11D0-8D11-00A0C91BC942}") = "h263", "h263\Build\h263.vcproj", "{E7C54D89-2EDA-4777-9A15-F43593EEB851}"
EndProject
Global
	GlobalSection(SolutionConfigurationPlatforms) = preSolution
		Debug_RTL_dll|Win32 = Debug_RTL_dll|Win32
		Debug_WM5_PPC_ARM|Win32 = Debug_WM5_PPC_ARM|Win32
		Debug|Win32 = Debug|Win32
		OldRelease|Win32 = OldRelease|Win32
		Release_Dynamic_SSE|Win32 = Release_Dynamic_SSE|Win32
		Release_Dynamic|Win32 = Release_Dynamic|Win32
		Release_RTL_dll|Win32 = Release_RTL_dll|Win32
		Release_SSE|Win32 = Release_SSE|Win32
		Release_SSE2|Win32 = Release_SSE2|Win32
		Release_WM5_PPC_ARM|Win32 = Release_WM5_PPC_ARM|Win32
		Release|Win32 = Release|Win32
		ReleaseMinDependency|Win32 = ReleaseMinDependency|Win32
	EndGlobalSection
	GlobalSection(ProjectConfigurationPlatforms) = postSolution
		{968A014E-06D4-4262-A218-3D25F3DD6726}.Debug_RTL_dll|Win32.ActiveCfg = Debug|Win32
		{968A014E-06D4-4262-A218-3D25F3DD6726}.Debug_RTL_dll|Win32.Build.0 = Debug|Win32
		{968A014E-06D4-4262-A218-3D25F3DD6726}.Debug_WM5_PPC_ARM|Win32.ActiveCfg = Debug|Win32
		{968A014E-06D4-4262-A218-3D25F3DD6726}.Debug_WM5_PPC_ARM|Win32.Build.0 = Debug|Win32
		{968A014E-06D4-4262-A218-3D25F3DD6726}.Debug|Win32.ActiveCfg = Debug|Win32
		{968A014E-06D4-4262-A218-3D25F3DD6726}.OldRelease|Win32.ActiveCfg = Release|Win32
		{968A014E-06D4-4262-A218-3D25F3DD6726}.OldRelease|Win32.Build.0 = Release|Win32
		{968A014E-06D4-4262-A218-3D25F3DD6726}.Release_Dynamic_SSE|Win32.ActiveCfg = Release|Win32
		{968A014E-06D4-4262-A218-3D25F3DD6726}.Release_Dynamic_SSE|Win32.Build.0 = Release|Win32
		{968A014E-06D4-4262-A218-3D25F3DD6726}.Release_Dynamic|Win32.ActiveCfg = Release|Win32
		{968A014E-06D4-4262-A218-3D25F3DD6726}.Release_Dynamic|Win32.Build.0 = Release|Win32
		{968A014E-06D4-4262-A218-3D25F3DD6726}.Release_RTL_dll|Win32.ActiveCfg = Release|Win32
		{968A014E-06D4-4262-A218-3D25F3DD6726}.Release_RTL_dll|Win32.Build.0 = Release|Win32
		{968A014E-06D4-4262-A218-3D25F3DD6726}.Release_SSE|Win32.ActiveCfg = Release|Win32
		{968A014E-06D4-4262-A218-3D25F3DD6726}.Release_SSE|Win32.Build.0 = Release|Win32
		{968A014E-06D4-4262-A218-3D25F3DD6726}.Release_SSE2|Win32.ActiveCfg = Release|Win32
		{968A014E-06D4-4262-A218-3D25F3DD6726}.Release_SSE2|Win32.Build.0 = Release|Win32
		{968A014E-06D4-4262-A218-3D25F3DD6726}.Release_WM5_PPC_ARM|Win32.ActiveCfg = Release|Win32
		{968A014E-06D4-4262-A218-3D25F3DD6726}.Release_WM5_PPC_ARM|Win32.Build.0 = Release|Win32
		{968A014E-06D4-4262-A218-3D25F3DD6726}.Release|Win32.ActiveCfg = Release|Win32
		{968A014E-06D4-4262-A218-3D25F3DD6726}.Release|Win32.Build.0 = Release|Win32
		{968A014E-06D4-4262-A218-3D25F3DD6726}.ReleaseMinDependency|Win32.ActiveCfg = Release|Win32
		{968A014E-06D4-4262-A218-3D25F3DD6726}.ReleaseMinDependency|Win32.Build.0 = Release|Win32
		{15CBFEFF-7965-41F5-B4E2-21E8795C9159}.Debug_RTL_dll|Win32.ActiveCfg = Debug|Win32
		{15CBFEFF-7965-41F5-B4E2-21E8795C9159}.Debug_RTL_dll|Win32.Build.0 = Debug|Win32
		{15CBFEFF-7965-41F5-B4E2-21E8795C9159}.Debug_WM5_PPC_ARM|Win32.ActiveCfg = Debug|Win32
		{15CBFEFF-7965-41F5-B4E2-21E8795C9159}.Debug_WM5_PPC_ARM|Win32.Build.0 = Debug|Win32
		{15CBFEFF-7965-41F5-B4E2-21E8795C9159}.Debug|Win32.ActiveCfg = Debug|Win32
		{15CBFEFF-7965-41F5-B4E2-21E8795C9159}.OldRelease|Win32.ActiveCfg = Release|Win32
		{15CBFEFF-7965-41F5-B4E2-21E8795C9159}.OldRelease|Win32.Build.0 = Release|Win32
		{15CBFEFF-7965-41F5-B4E2-21E8795C9159}.Release_Dynamic_SSE|Win32.ActiveCfg = Release|Win32
		{15CBFEFF-7965-41F5-B4E2-21E8795C9159}.Release_Dynamic_SSE|Win32.Build.0 = Release|Win32
		{15CBFEFF-7965-41F5-B4E2-21E8795C9159}.Release_Dynamic|Win32.ActiveCfg = Release|Win32
		{15CBFEFF-7965-41F5-B4E2-21E8795C9159}.Release_Dynamic|Win32.Build.0 = Release|Win32
		{15CBFEFF-7965-41F5-B4E2-21E8795C9159}.Release_RTL_dll|Win32.ActiveCfg = Release|Win32
		{15CBFEFF-7965-41F5-B4E2-21E8795C9159}.Release_RTL_dll|Win32.Build.0 = Release|Win32
		{15CBFEFF-7965-41F5-B4E2-21E8795C9159}.Release_SSE|Win32.ActiveCfg = Release|Win32
		{15CBFEFF-7965-41F5-B4E2-21E8795C9159}.Release_SSE|Win32.Build.0 = Release|Win32
		{15CBFEFF-7965-41F5-B4E2-21E8795C9159}.Release_SSE2|Win32.ActiveCfg = Release|Win32
		{15CBFEFF-7965-41F5-B4E2-21E8795C9159}.Release_SSE2|Win32.Build.0 = Release|Win32
		{15CBFEFF-7965-41F5-B4E2-21E8795C9159}.Release_WM5_PPC_ARM|Win32.ActiveCfg = Release|Win32
		{15CBFEFF-7965-41F5-B4E2-21E8795C9159}.Release_WM5_PPC_ARM|Win32.Build.0 = Release|Win32
		{15CBFEFF-7965-41F5-B4E2-21E8795C9159}.Release|Win32.ActiveCfg = Release|Win32
		{15CBFEFF-7965-41F5-B4E2-21E8795C9159}.Release|Win32.Build.0 = Release|Win32
		{15CBFEFF-7965-41F5-B4E2-21E8795C9159}.ReleaseMinDependency|Win32.ActiveCfg = Release|Win32
		{15CBFEFF-7965-41F5-B4E2-21E8795C9159}.ReleaseMinDependency|Win32.Build.0 = Release|Win32
		{0A18A071-125E-442F-AFF7-A3F68ABECF99}.Debug_RTL_dll|Win32.ActiveCfg = Debug|Win32
		{0A18A071-125E-442F-AFF7-A3F68ABECF99}.Debug_RTL_dll|Win32.Build.0 = Debug|Win32
		{0A18A071-125E-442F-AFF7-A3F68ABECF99}.Debug_WM5_PPC_ARM|Win32.ActiveCfg = Debug|Win32
		{0A18A071-125E-442F-AFF7-A3F68ABECF99}.Debug_WM5_PPC_ARM|Win32.Build.0 = Debug|Win32
		{0A18A071-125E-442F-AFF7-A3F68ABECF99}.Debug|Win32.ActiveCfg = Debug|Win32
		{0A18A071-125E-442F-AFF7-A3F68ABECF99}.OldRelease|Win32.ActiveCfg = OldRelease|Win32
		{0A18A071-125E-442F-AFF7-A3F68ABECF99}.OldRelease|Win32.Build.0 = OldRelease|Win32
		{0A18A071-125E-442F-AFF7-A3F68ABECF99}.Release_Dynamic_SSE|Win32.ActiveCfg = ReleaseMinDependency|Win32
		{0A18A071-125E-442F-AFF7-A3F68ABECF99}.Release_Dynamic_SSE|Win32.Build.0 = ReleaseMinDependency|Win32
		{0A18A071-125E-442F-AFF7-A3F68ABECF99}.Release_Dynamic|Win32.ActiveCfg = ReleaseMinDependency|Win32
		{0A18A071-125E-442F-AFF7-A3F68ABECF99}.Release_Dynamic|Win32.Build.0 = ReleaseMinDependency|Win32
		{0A18A071-125E-442F-AFF7-A3F68ABECF99}.Release_RTL_dll|Win32.ActiveCfg = ReleaseMinDependency|Win32
		{0A18A071-125E-442F-AFF7-A3F68ABECF99}.Release_RTL_dll|Win32.Build.0 = ReleaseMinDependency|Win32
		{0A18A071-125E-442F-AFF7-A3F68ABECF99}.Release_SSE|Win32.ActiveCfg = ReleaseMinDependency|Win32
		{0A18A071-125E-442F-AFF7-A3F68ABECF99}.Release_SSE|Win32.Build.0 = ReleaseMinDependency|Win32
		{0A18A071-125E-442F-AFF7-A3F68ABECF99}.Release_SSE2|Win32.ActiveCfg = ReleaseMinDependency|Win32
		{0A18A071-125E-442F-AFF7-A3F68ABECF99}.Release_SSE2|Win32.Build.0 = ReleaseMinDependency|Win32
		{0A18A071-125E-442F-AFF7-A3F68ABECF99}.Release_WM5_PPC_ARM|Win32.ActiveCfg = ReleaseMinDependency|Win32
		{0A18A071-125E-442F-AFF7-A3F68ABECF99}.Release_WM5_PPC_ARM|Win32.Build.0 = ReleaseMinDependency|Win32
		{0A18A071-125E-442F-AFF7-A3F68ABECF99}.Release|Win32.ActiveCfg = Release|Win32
		{0A18A071-125E-442F-AFF7-A3F68ABECF99}.Release|Win32.Build.0 = Release|Win32
		{0A18A071-125E-442F-AFF7-A3F68ABECF99}.ReleaseMinDependency|Win32.ActiveCfg = ReleaseMinDependency|Win32
		{0A18A071-125E-442F-AFF7-A3F68ABECF99}.ReleaseMinDependency|Win32.Build.0 = ReleaseMinDependency|Win32
		{E972C52F-9E85-4D65-B19C-031E511E9DB4}.Debug_RTL_dll|Win32.ActiveCfg = Debug_RTL_dll|Win32
		{E972C52F-9E85-4D65-B19C-031E511E9DB4}.Debug_RTL_dll|Win32.Build.0 = Debug_RTL_dll|Win32
		{E972C52F-9E85-4D65-B19C-031E511E9DB4}.Debug_WM5_PPC_ARM|Win32.ActiveCfg = Debug_WM5_PPC_ARM|Win32
		{E972C52F-9E85-4D65-B19C-031E511E9DB4}.Debug_WM5_PPC_ARM|Win32.Build.0 = Debug_WM5_PPC_ARM|Win32
		{E972C52F-9E85-4D65-B19C-031E511E9DB4}.Debug|Win32.ActiveCfg = Debug|Win32
		{E972C52F-9E85-4D65-B19C-031E511E9DB4}.OldRelease|Win32.ActiveCfg = Release|Win32
		{E972C52F-9E85-4D65-B19C-031E511E9DB4}.OldRelease|Win32.Build.0 = Release|Win32
		{E972C52F-9E85-4D65-B19C-031E511E9DB4}.Release_Dynamic_SSE|Win32.ActiveCfg = Release_Dynamic_SSE|Win32
		{E972C52F-9E85-4D65-B19C-031E511E9DB4}.Release_Dynamic_SSE|Win32.Build.0 = Release_Dynamic_SSE|Win32
		{E972C52F-9E85-4D65-B19C-031E511E9DB4}.Release_Dynamic|Win32.ActiveCfg = Release_Dynamic|Win32
		{E972C52F-9E85-4D65-B19C-031E511E9DB4}.Release_Dynamic|Win32.Build.0 = Release_Dynamic|Win32
		{E972C52F-9E85-4D65-B19C-031E511E9DB4}.Release_RTL_dll|Win32.ActiveCfg = Release_RTL_dll|Win32
		{E972C52F-9E85-4D65-B19C-031E511E9DB4}.Release_RTL_dll|Win32.Build.0 = Release_RTL_dll|Win32
		{E972C52F-9E85-4D65-B19C-031E511E9DB4}.Release_SSE|Win32.ActiveCfg = Release_SSE|Win32
		{E972C52F-9E85-4D65-B19C-031E511E9DB4}.Release_SSE|Win32.Build.0 = Release_SSE|Win32
		{E972C52F-9E85-4D65-B19C-031E511E9DB4}.Release_SSE2|Win32.ActiveCfg = Release_SSE2|Win32
		{E972C52F-9E85-4D65-B19C-031E511E9DB4}.Release_SSE2|Win32.Build.0 = Release_SSE2|Win32
		{E972C52F-9E85-4D65-B19C-031E511E9DB4}.Release_WM5_PPC_ARM|Win32.ActiveCfg = Release_WM5_PPC_ARM|Win32
		{E972C52F-9E85-4D65-B19C-031E511E9DB4}.Release_WM5_PPC_ARM|Win32.Build.0 = Release_WM5_PPC_ARM|Win32
		{E972C52F-9E85-4D65-B19C-031E511E9DB4}.Release|Win32.ActiveCfg = Release|Win32
		{E972C52F-9E85-4D65-B19C-031E511E9DB4}.Release|Win32.Build.0 = Release|Win32
		{E972C52F-9E85-4D65-B19C-031E511E9DB4}.ReleaseMinDependency|Win32.ActiveCfg = Release_Dynamic_SSE|Win32
		{E972C52F-9E85-4D65-B19C-031E511E9DB4}.ReleaseMinDependency|Win32.Build.0 = Release_Dynamic_SSE|Win32
		{E42FDC95-7243-4219-9EA4-ACCE4AB97197}.Debug_RTL_dll|Win32.ActiveCfg = Debug_RTL_dll|Win32
		{E42FDC95-7243-4219-9EA4-ACCE4AB97197}.Debug_RTL_dll|Win32.Build.0 = Debug_RTL_dll|Win32
		{E42FDC95-7243-4219-9EA4-ACCE4AB97197}.Debug_WM5_PPC_ARM|Win32.ActiveCfg = Debug_WM5_PPC_ARM|Win32
		{E42FDC95-7243-4219-9EA4-ACCE4AB97197}.Debug_WM5_PPC_ARM|Win32.Build.0 = Debug_WM5_PPC_ARM|Win32
		{E42FDC95-7243-4219-9EA4-ACCE4AB97197}.Debug|Win32.ActiveCfg = Debug|Win32
		{E42FDC95-7243-4219-9EA4-ACCE4AB97197}.OldRelease|Win32.ActiveCfg = Release|Win32
		{E42FDC95-7243-4219-9EA4-ACCE4AB97197}.OldRelease|Win32.Build.0 = Release|Win32
		{E42FDC95-7243-4219-9EA4-ACCE4AB97197}.Release_Dynamic_SSE|Win32.ActiveCfg = Release_Dynamic_SSE|Win32
		{E42FDC95-7243-4219-9EA4-ACCE4AB97197}.Release_Dynamic_SSE|Win32.Build.0 = Release_Dynamic_SSE|Win32
		{E42FDC95-7243-4219-9EA4-ACCE4AB97197}.Release_Dynamic|Win32.ActiveCfg = Release_Dynamic|Win32
		{E42FDC95-7243-4219-9EA4-ACCE4AB97197}.Release_Dynamic|Win32.Build.0 = Release_Dynamic|Win32
		{E42FDC95-7243-4219-9EA4-ACCE4AB97197}.Release_RTL_dll|Win32.ActiveCfg = Release_RTL_dll|Win32
		{E42FDC95-7243-4219-9EA4-ACCE4AB97197}.Release_RTL_dll|Win32.Build.0 = Release_RTL_dll|Win32
		{E42FDC95-7243-4219-9EA4-ACCE4AB97197}.Release_SSE|Win32.ActiveCfg = Release_SSE|Win32
		{E42FDC95-7243-4219-9EA4-ACCE4AB97197}.Release_SSE|Win32.Build.0 = Release_SSE|Win32
		{E42FDC95-7243-4219-9EA4-ACCE4AB97197}.Release_SSE2|Win32.ActiveCfg = Release_SSE2|Win32
		{E42FDC95-7243-4219-9EA4-ACCE4AB97197}.Release_SSE2|Win32.Build.0 = Release_SSE2|Win32
		{E42FDC95-7243-4219-9EA4-ACCE4AB97197}.Release_WM5_PPC_ARM|Win32.ActiveCfg = Release_WM5_PPC_ARM|Win32
		{E42FDC95-7243-4219-9EA4-ACCE4AB97197}.Release_WM5_PPC_ARM|Win32.Build.0 = Release_WM5_PPC_ARM|Win32
		{E42FDC95-7243-4219-9EA4-ACCE4AB97197}.Release|Win32.ActiveCfg = Release|Win32
		{E42FDC95-7243-4219-9EA4-ACCE4AB97197}.Release|Win32.Build.0 = Release|Win32
		{E42FDC95-7243-4219-9EA4-ACCE4AB97197}.ReleaseMinDependency|Win32.ActiveCfg = Release_Dynamic_SSE|Win32
		{E42FDC95-7243-4219-9EA4-ACCE4AB97197}.ReleaseMinDependency|Win32.Build.0 = Release_Dynamic_SSE|Win32
		{13A8FD59-F579-456E-A56C-2692ABA98F54}.Debug_RTL_dll|Win32.ActiveCfg = Debug|Win32
		{13A8FD59-F579-456E-A56C-2692ABA98F54}.Debug_RTL_dll|Win32.Build.0 = Debug|Win32
		{13A8FD59-F579-456E-A56C-2692ABA98F54}.Debug_WM5_PPC_ARM|Win32.ActiveCfg = Debug|Win32
		{13A8FD59-F579-456E-A56C-2692ABA98F54}.Debug_WM5_PPC_ARM|Win32.Build.0 = Debug|Win32
		{13A8FD59-F579-456E-A56C-2692ABA98F54}.Debug|Win32.ActiveCfg = Debug|Win32
		{13A8FD59-F579-456E-A56C-2692ABA98F54}.OldRelease|Win32.ActiveCfg = Release|Win32
		{13A8FD59-F579-456E-A56C-2692ABA98F54}.OldRelease|Win32.Build.0 = Release|Win32
		{13A8FD59-F579-456E-A56C-2692ABA98F54}.Release_Dynamic_SSE|Win32.ActiveCfg = Release|Win32
		{13A8FD59-F579-456E-A56C-2692ABA98F54}.Release_Dynamic_SSE|Win32.Build.0 = Release|Win32
		{13A8FD59-F579-456E-A56C-2692ABA98F54}.Release_Dynamic|Win32.ActiveCfg = Release|Win32
		{13A8FD59-F579-456E-A56C-2692ABA98F54}.Release_Dynamic|Win32.Build.0 = Release|Win32
		{13A8FD59-F579-456E-A56C-2692ABA98F54}.Release_RTL_dll|Win32.ActiveCfg = Release|Win32
		{13A8FD59-F579-456E-A56C-2692ABA98F54}.Release_RTL_dll|Win32.Build.0 = Release|Win32
		{13A8FD59-F579-456E-A56C-2692ABA98F54}.Release_SSE|Win32.ActiveCfg = Release|Win32
		{13A8FD59-F579-456E-A56C-2692ABA98F54}.Release_SSE|Win32.Build.0 = Release|Win32
		{13A8FD59-F579-456E-A56C-2692ABA98F54}.Release_SSE2|Win32.ActiveCfg = Release|Win32
		{13A8FD59-F579-456E-A56C-2692ABA98F54}.Release_SSE2|Win32.Build.0 = Release|Win32
		{13A8FD59-F579-456E-A56C-2692ABA98F54}.Release_WM5_PPC_ARM|Win32.ActiveCfg = Release|Win32
		{13A8FD59-F579-456E-A56C-2692ABA98F54}.Release_WM5_PPC_ARM|Win32.Build.0 = Release|Win32
		{13A8FD59-F579-456E-A56C-2692ABA98F54}.Release|Win32.ActiveCfg = Release|Win32
		{13A8FD59-F579-456E-A56C-2692ABA98F54}.Release|Win32.Build.0 = Release|Win32
		{13A8FD59-F579-456E-A56C-2692ABA98F54}.ReleaseMinDependency|Win32.ActiveCfg = Release|Win32
		{13A8FD59-F579-456E-A56C-2692ABA98F54}.ReleaseMinDependency|Win32.Build.0 = Release|Win32
		{E7C54D89-2EDA-4777-9A15-F43593EEB851}.Debug_RTL_dll|Win32.ActiveCfg = Debug|Win32
		{E7C54D89-2EDA-4777-9A15-F43593EEB851}.Debug_RTL_dll|Win32.Build.0 = Debug|Win32
		{E7C54D89-2EDA-4777-9A15-F43593EEB851}.Debug_WM5_PPC_ARM|Win32.ActiveCfg = Debug|Win32
		{E7C54D89-2EDA-4777-9A15-F43593EEB851}.Debug_WM5_PPC_ARM|Win32.Build.0 = Debug|Win32
		{E7C54D89-2EDA-4777-9A15-F43593EEB851}.Debug|Win32.ActiveCfg = Debug|Win32
		{E7C54D89-2EDA-4777-9A15-F43593EEB851}.Debug|Win32.Build.0 = Debug|Win32
		{E7C54D89-2EDA-4777-9A15-F43593EEB851}.OldRelease|Win32.ActiveCfg = Release|Win32
		{E7C54D89-2EDA-4777-9A15-F43593EEB851}.OldRelease|Win32.Build.0 = Release|Win32
		{E7C54D89-2EDA-4777-9A15-F43593EEB851}.Release_Dynamic_SSE|Win32.ActiveCfg = Release|Win32
		{E7C54D89-2EDA-4777-9A15-F43593EEB851}.Release_Dynamic_SSE|Win32.Build.0 = Release|Win32
		{E7C54D89-2EDA-4777-9A15-F43593EEB851}.Release_Dynamic|Win32.ActiveCfg = Release|Win32
		{E7C54D89-2EDA-4777-9A15-F43593EEB851}.Release_Dynamic|Win32.Build.0 = Release|Win32
		{E7C54D89-2EDA-4777-9A15-F43593EEB851}.Release_RTL_dll|Win32.ActiveCfg = Release|Win32
		{E7C54D89-2EDA-4777-9A15-F43593EEB851}.Release_RTL_dll|Win32.Build.0 = Release|Win32
		{E7C54D89-2EDA-4777-9A15-F43593EEB851}.Release_SSE|Win32.ActiveCfg = Release|Win32
		{E7C54D89-2EDA-4777-9A15-F43593EEB851}.Release_SSE|Win32.Build.0 = Release|Win32
		{E7C54D89-2EDA-4777-9A15-F43593EEB851}.Release_SSE2|Win32.ActiveCfg = Release|Win32
		{E7C54D89-2EDA-4777-9A15-F43593EEB851}.Release_SSE2|Win32.Build.0 = Release|Win32
		{E7C54D89-2EDA-4777-9A15-F43593EEB851}.Release_WM5_PPC_ARM|Win32.ActiveCfg = Release|Win32
		{E7C54D89-2EDA-4777-9A15-F43593EEB851}.Release_WM5_PPC_ARM|Win32.Build.0 = Release|Win32
		{E7C54D89-2EDA-4777-9A15-F43593EEB851}.Release|Win32.ActiveCfg = Release|Win32
		{E7C54D89-2EDA-4777-9A15-F43593EEB851}.Release|Win32.Build.0 = Release|Win32
		{E7C54D89-2EDA-4777-9A15-F43593EEB851}.ReleaseMinDependency|Win32.ActiveCfg = Release|Win32
		{E7C54D89-2EDA-4777-9A15-F43593EEB851}.ReleaseMinDependency|Win32.Build.0 = Release|Win32
	EndGlobalSection
	GlobalSection(SolutionProperties) = preSolution
		HideSolutionNode = FALSE
	EndGlobalSection
EndGlobal
